// !$*UTF8*$!
{
	archiveVersion = 1;
	classes = {
	};
	objectVersion = 56;
	objects = {

/* Begin PBXBuildFile section */
		383EEB792932DE54C2B7BE9F /* Pods_SwiftGathering_iOS_SwiftGathering_iOSUITests.framework in Frameworks */ = {isa = PBXBuildFile; fileRef = D3A68007DB5B4FEC66401780 /* Pods_SwiftGathering_iOS_SwiftGathering_iOSUITests.framework */; };
		432C70752BD3E83600B4F4CE /* SplashViewModel.swift in Sources */ = {isa = PBXBuildFile; fileRef = 432C70742BD3E83600B4F4CE /* SplashViewModel.swift */; };
		432C70772BD3EEC000B4F4CE /* LoginInfo.swift in Sources */ = {isa = PBXBuildFile; fileRef = 432C70762BD3EEBF00B4F4CE /* LoginInfo.swift */; };
		432C707C2BD3F8DF00B4F4CE /* UserDefaultsError.swift in Sources */ = {isa = PBXBuildFile; fileRef = 432C707B2BD3F8DF00B4F4CE /* UserDefaultsError.swift */; };
		432C70802BD41BB400B4F4CE /* LoginCoordinator.swift in Sources */ = {isa = PBXBuildFile; fileRef = 432C707F2BD41BB400B4F4CE /* LoginCoordinator.swift */; };
		435CA6752B944BDA008276B6 /* AppDelegate.swift in Sources */ = {isa = PBXBuildFile; fileRef = 435CA6742B944BDA008276B6 /* AppDelegate.swift */; };
		435CA6772B944BDA008276B6 /* SceneDelegate.swift in Sources */ = {isa = PBXBuildFile; fileRef = 435CA6762B944BDA008276B6 /* SceneDelegate.swift */; };
		435CA67E2B944BDC008276B6 /* Assets.xcassets in Resources */ = {isa = PBXBuildFile; fileRef = 435CA67D2B944BDC008276B6 /* Assets.xcassets */; };
		435CA6812B944BDC008276B6 /* LaunchScreen.storyboard in Resources */ = {isa = PBXBuildFile; fileRef = 435CA67F2B944BDC008276B6 /* LaunchScreen.storyboard */; };
		435CA68C2B944BDD008276B6 /* SwiftGathering_iOSTests.swift in Sources */ = {isa = PBXBuildFile; fileRef = 435CA68B2B944BDD008276B6 /* SwiftGathering_iOSTests.swift */; };
		435CA6962B944BDD008276B6 /* SwiftGathering_iOSUITests.swift in Sources */ = {isa = PBXBuildFile; fileRef = 435CA6952B944BDD008276B6 /* SwiftGathering_iOSUITests.swift */; };
		435CA6982B944BDD008276B6 /* SwiftGathering_iOSUITestsLaunchTests.swift in Sources */ = {isa = PBXBuildFile; fileRef = 435CA6972B944BDD008276B6 /* SwiftGathering_iOSUITestsLaunchTests.swift */; };
		4376F4EC2BE61CDD00049FE1 /* TabBarCoordinator.swift in Sources */ = {isa = PBXBuildFile; fileRef = 4376F4EB2BE61CDD00049FE1 /* TabBarCoordinator.swift */; };
		4376F4F12BE6222100049FE1 /* EmptyCoordinator.swift in Sources */ = {isa = PBXBuildFile; fileRef = 4376F4F02BE6222100049FE1 /* EmptyCoordinator.swift */; };
		4376F4F32BE63ACC00049FE1 /* TabbarItemType.swift in Sources */ = {isa = PBXBuildFile; fileRef = 4376F4F22BE63ACC00049FE1 /* TabbarItemType.swift */; };
		437A46BB2BE93BA100CDB3C9 /* LoginOutput.swift in Sources */ = {isa = PBXBuildFile; fileRef = 437A46BA2BE93BA100CDB3C9 /* LoginOutput.swift */; };
		437FA54A2BDCEDF100447EE8 /* RxCocoa in Frameworks */ = {isa = PBXBuildFile; productRef = 437FA5492BDCEDF100447EE8 /* RxCocoa */; };
		437FA54C2BDCEE0E00447EE8 /* MapViewModel.swift in Sources */ = {isa = PBXBuildFile; fileRef = 437FA54B2BDCEE0E00447EE8 /* MapViewModel.swift */; };
		437FA54E2BDD40F000447EE8 /* FriendLocationOutput.swift in Sources */ = {isa = PBXBuildFile; fileRef = 437FA54D2BDD40F000447EE8 /* FriendLocationOutput.swift */; };
		437FA5522BDD432A00447EE8 /* FriendInfo.swift in Sources */ = {isa = PBXBuildFile; fileRef = 437FA5512BDD432A00447EE8 /* FriendInfo.swift */; };
		437FA5542BDD43B000447EE8 /* MapCoordinator.swift in Sources */ = {isa = PBXBuildFile; fileRef = 437FA5532BDD43B000447EE8 /* MapCoordinator.swift */; };
		437FA5562BDD458500447EE8 /* MapUseCase.swift in Sources */ = {isa = PBXBuildFile; fileRef = 437FA5552BDD458500447EE8 /* MapUseCase.swift */; };
		437FA5582BDD459A00447EE8 /* MapRepository.swift in Sources */ = {isa = PBXBuildFile; fileRef = 437FA5572BDD459A00447EE8 /* MapRepository.swift */; };
		439864722C1F41A300EBAD6A /* TokenHolder.swift in Sources */ = {isa = PBXBuildFile; fileRef = 439864712C1F41A300EBAD6A /* TokenHolder.swift */; };
		439864742C26AB4E00EBAD6A /* MemberIdHolder.swift in Sources */ = {isa = PBXBuildFile; fileRef = 439864732C26AB4E00EBAD6A /* MemberIdHolder.swift */; };
		439864772C26CEDF00EBAD6A /* STOMPHandler.swift in Sources */ = {isa = PBXBuildFile; fileRef = 439864762C26CEDF00EBAD6A /* STOMPHandler.swift */; };
		439864792C26D95500EBAD6A /* MockLocationInput.swift in Sources */ = {isa = PBXBuildFile; fileRef = 439864782C26D95500EBAD6A /* MockLocationInput.swift */; };
		4398647B2C26DFE900EBAD6A /* STOMPError.swift in Sources */ = {isa = PBXBuildFile; fileRef = 4398647A2C26DFE900EBAD6A /* STOMPError.swift */; };
		439BB3302BB5B35F006F34A5 /* LoginViewModel.swift in Sources */ = {isa = PBXBuildFile; fileRef = 439BB32F2BB5B35F006F34A5 /* LoginViewModel.swift */; };
		439BB3372BB5B4EC006F34A5 /* LoginUseCase.swift in Sources */ = {isa = PBXBuildFile; fileRef = 439BB3362BB5B4EC006F34A5 /* LoginUseCase.swift */; };
		43B2CEEE2B94825B00047065 /* CanvasView.swift in Sources */ = {isa = PBXBuildFile; fileRef = 43B2CEED2B94825B00047065 /* CanvasView.swift */; };
		43B2CEF02B94828C00047065 /* DrawingMode.swift in Sources */ = {isa = PBXBuildFile; fileRef = 43B2CEEF2B94828C00047065 /* DrawingMode.swift */; };
		43B2CEF22B94829E00047065 /* DrawingPathInfo.swift in Sources */ = {isa = PBXBuildFile; fileRef = 43B2CEF12B94829E00047065 /* DrawingPathInfo.swift */; };
		43B2CEF52B94848900047065 /* DrawingViewController.swift in Sources */ = {isa = PBXBuildFile; fileRef = 43B2CEF32B94848900047065 /* DrawingViewController.swift */; };
		43B2CEF62B94848900047065 /* DrawingView.xib in Resources */ = {isa = PBXBuildFile; fileRef = 43B2CEF42B94848900047065 /* DrawingView.xib */; };
		43B2CEF82B94BA0800047065 /* DrawingInfoDTO.swift in Sources */ = {isa = PBXBuildFile; fileRef = 43B2CEF72B94BA0700047065 /* DrawingInfoDTO.swift */; };
		43B2CEFA2BA69BCD00047065 /* LoginViewController.swift in Sources */ = {isa = PBXBuildFile; fileRef = 43B2CEF92BA69BCD00047065 /* LoginViewController.swift */; };
		43B2CEFC2BA69BEC00047065 /* LoginView.xib in Resources */ = {isa = PBXBuildFile; fileRef = 43B2CEFB2BA69BEC00047065 /* LoginView.xib */; };
		43B2CEFF2BA69DDE00047065 /* UIViewExtensions.swift in Sources */ = {isa = PBXBuildFile; fileRef = 43B2CEFE2BA69DDE00047065 /* UIViewExtensions.swift */; };
		43B2CF032BA69F7A00047065 /* HTTPHandler.swift in Sources */ = {isa = PBXBuildFile; fileRef = 43B2CF022BA69F7A00047065 /* HTTPHandler.swift */; };
		43B2CF052BA69FB600047065 /* HTTPError.swift in Sources */ = {isa = PBXBuildFile; fileRef = 43B2CF042BA69FB600047065 /* HTTPError.swift */; };
		43B2CF072BA69FD400047065 /* HTTPMethod.swift in Sources */ = {isa = PBXBuildFile; fileRef = 43B2CF062BA69FD400047065 /* HTTPMethod.swift */; };
		43B2CF092BA69FEC00047065 /* HTTPPath.swift in Sources */ = {isa = PBXBuildFile; fileRef = 43B2CF082BA69FEC00047065 /* HTTPPath.swift */; };
		43B2CF0E2BA6A9A500047065 /* LoginInput.swift in Sources */ = {isa = PBXBuildFile; fileRef = 43B2CF0D2BA6A9A500047065 /* LoginInput.swift */; };
		43B2CF102BA6AAF300047065 /* ResultExtensions.swift in Sources */ = {isa = PBXBuildFile; fileRef = 43B2CF0F2BA6AAF300047065 /* ResultExtensions.swift */; };
		43B2CF122BA6B79F00047065 /* EmptyOutput.swift in Sources */ = {isa = PBXBuildFile; fileRef = 43B2CF112BA6B79F00047065 /* EmptyOutput.swift */; };
		43B2CF162BA6B9A900047065 /* AlertBuilder.swift in Sources */ = {isa = PBXBuildFile; fileRef = 43B2CF152BA6B9A900047065 /* AlertBuilder.swift */; };
		43B2CF1A2BA6BC1600047065 /* RegisterViewController.swift in Sources */ = {isa = PBXBuildFile; fileRef = 43B2CF182BA6BC1500047065 /* RegisterViewController.swift */; };
		43B2CF1B2BA6BC1600047065 /* RegisterView.xib in Resources */ = {isa = PBXBuildFile; fileRef = 43B2CF192BA6BC1500047065 /* RegisterView.xib */; };
		43B2CF1D2BA6BDD200047065 /* RegisterInput.swift in Sources */ = {isa = PBXBuildFile; fileRef = 43B2CF1C2BA6BDD200047065 /* RegisterInput.swift */; };
		43D0E2A72BE7354100294A4A /* FriendCoordinator.swift in Sources */ = {isa = PBXBuildFile; fileRef = 43D0E2A62BE7354100294A4A /* FriendCoordinator.swift */; };
		43D0E2AC2BE7430800294A4A /* FriendViewController.swift in Sources */ = {isa = PBXBuildFile; fileRef = 43D0E2AB2BE7430800294A4A /* FriendViewController.swift */; };
		43D0E2AE2BE7431900294A4A /* FriendViewModel.swift in Sources */ = {isa = PBXBuildFile; fileRef = 43D0E2AD2BE7431900294A4A /* FriendViewModel.swift */; };
		43D0E2B02BE7466200294A4A /* FriendRepository.swift in Sources */ = {isa = PBXBuildFile; fileRef = 43D0E2AF2BE7466200294A4A /* FriendRepository.swift */; };
		43D0E2B22BE7468E00294A4A /* FriendUseCase.swift in Sources */ = {isa = PBXBuildFile; fileRef = 43D0E2B12BE7468E00294A4A /* FriendUseCase.swift */; };
		43D0E2B42BE749FC00294A4A /* FriendView.xib in Resources */ = {isa = PBXBuildFile; fileRef = 43D0E2B32BE749FC00294A4A /* FriendView.xib */; };
		43D0E2B72BE74BDC00294A4A /* FriendTableViewCell.swift in Sources */ = {isa = PBXBuildFile; fileRef = 43D0E2B52BE74BDC00294A4A /* FriendTableViewCell.swift */; };
		43D0E2B82BE74BDC00294A4A /* FriendTableViewCell.xib in Resources */ = {isa = PBXBuildFile; fileRef = 43D0E2B62BE74BDC00294A4A /* FriendTableViewCell.xib */; };
		43D0E2BA2BE79FD700294A4A /* FriendsOutput.swift in Sources */ = {isa = PBXBuildFile; fileRef = 43D0E2B92BE79FD700294A4A /* FriendsOutput.swift */; };
		43D0E2BC2BE7B14A00294A4A /* MyInfo.swift in Sources */ = {isa = PBXBuildFile; fileRef = 43D0E2BB2BE7B14A00294A4A /* MyInfo.swift */; };
		43D3BD262BD4DA7000224669 /* RegisterCoordinator.swift in Sources */ = {isa = PBXBuildFile; fileRef = 43D3BD252BD4DA7000224669 /* RegisterCoordinator.swift */; };
		43D3BD282BD4DB3D00224669 /* RegisterUseCase.swift in Sources */ = {isa = PBXBuildFile; fileRef = 43D3BD272BD4DB3D00224669 /* RegisterUseCase.swift */; };
		43D3BD2A2BD4DB4900224669 /* RegisterRepository.swift in Sources */ = {isa = PBXBuildFile; fileRef = 43D3BD292BD4DB4900224669 /* RegisterRepository.swift */; };
		43D3BD2C2BD4DB5C00224669 /* RegisterViewModel.swift in Sources */ = {isa = PBXBuildFile; fileRef = 43D3BD2B2BD4DB5C00224669 /* RegisterViewModel.swift */; };
		43D3BD2E2BD4DBCB00224669 /* RegisterInfo.swift in Sources */ = {isa = PBXBuildFile; fileRef = 43D3BD2D2BD4DBCB00224669 /* RegisterInfo.swift */; };
		43FFDD592BCBE08F002D19B2 /* LoginRepository.swift in Sources */ = {isa = PBXBuildFile; fileRef = 43FFDD582BCBE08F002D19B2 /* LoginRepository.swift */; };
		43FFDD692BCD7489002D19B2 /* CoordinatorProtocol.swift in Sources */ = {isa = PBXBuildFile; fileRef = 43FFDD682BCD7489002D19B2 /* CoordinatorProtocol.swift */; };
		43FFDD6B2BCD74FD002D19B2 /* ParentCoordinatorProtocol.swift in Sources */ = {isa = PBXBuildFile; fileRef = 43FFDD6A2BCD74FD002D19B2 /* ParentCoordinatorProtocol.swift */; };
		43FFDD6D2BCD759D002D19B2 /* ChildCoordinatorProtocol.swift in Sources */ = {isa = PBXBuildFile; fileRef = 43FFDD6C2BCD759D002D19B2 /* ChildCoordinatorProtocol.swift */; };
		43FFDD6F2BCD770A002D19B2 /* RootCoordinator.swift in Sources */ = {isa = PBXBuildFile; fileRef = 43FFDD6E2BCD770A002D19B2 /* RootCoordinator.swift */; };
		43FFDD722BCECB54002D19B2 /* SplashView.xib in Resources */ = {isa = PBXBuildFile; fileRef = 43FFDD712BCECB54002D19B2 /* SplashView.xib */; };
		43FFDD742BCECC12002D19B2 /* SplashViewController.swift in Sources */ = {isa = PBXBuildFile; fileRef = 43FFDD732BCECC12002D19B2 /* SplashViewController.swift */; };
		500ED829B51265E10071BDF6 /* Pods_SwiftGathering_iOS.framework in Frameworks */ = {isa = PBXBuildFile; fileRef = 5190A3CA9CED555F883DCE7B /* Pods_SwiftGathering_iOS.framework */; };
		A222BAE62C009022000A59FA /* ProfileView.xib in Resources */ = {isa = PBXBuildFile; fileRef = A222BAE52C009022000A59FA /* ProfileView.xib */; };
		A222BAE82C009031000A59FA /* ProfileViewController.swift in Sources */ = {isa = PBXBuildFile; fileRef = A222BAE72C009031000A59FA /* ProfileViewController.swift */; };
		A222BAEA2C009165000A59FA /* ProfileCoordinator.swift in Sources */ = {isa = PBXBuildFile; fileRef = A222BAE92C009165000A59FA /* ProfileCoordinator.swift */; };
		A231C05F2BA3FD290059572D /* MapViewController.swift in Sources */ = {isa = PBXBuildFile; fileRef = A231C05D2BA3FD290059572D /* MapViewController.swift */; };
		A231C0602BA3FD290059572D /* MapView.xib in Resources */ = {isa = PBXBuildFile; fileRef = A231C05E2BA3FD290059572D /* MapView.xib */; };
		A231C0632BA401090059572D /* LocationHandler.swift in Sources */ = {isa = PBXBuildFile; fileRef = A231C0622BA401090059572D /* LocationHandler.swift */; };
		A28F845C2C1C4DCB00E1A177 /* LoginUseCaseImpl.swift in Sources */ = {isa = PBXBuildFile; fileRef = A28F845B2C1C4DCB00E1A177 /* LoginUseCaseImpl.swift */; };
		A28F845E2C1C4E0B00E1A177 /* RegisterUseCaseImpl.swift in Sources */ = {isa = PBXBuildFile; fileRef = A28F845D2C1C4E0B00E1A177 /* RegisterUseCaseImpl.swift */; };
		A28F84602C1C4EA400E1A177 /* FriendUseCaseImpl.swift in Sources */ = {isa = PBXBuildFile; fileRef = A28F845F2C1C4EA400E1A177 /* FriendUseCaseImpl.swift */; };
		A28F84622C1C4EEA00E1A177 /* MapUseCaseImpl.swift in Sources */ = {isa = PBXBuildFile; fileRef = A28F84612C1C4EEA00E1A177 /* MapUseCaseImpl.swift */; };
		A28F846B2C1C504000E1A177 /* LoginRepositoryImpl.swift in Sources */ = {isa = PBXBuildFile; fileRef = A28F846A2C1C504000E1A177 /* LoginRepositoryImpl.swift */; };
		A28F846D2C1C50C800E1A177 /* RegisterRepositoryImpl.swift in Sources */ = {isa = PBXBuildFile; fileRef = A28F846C2C1C50C800E1A177 /* RegisterRepositoryImpl.swift */; };
		A28F846F2C1C514A00E1A177 /* FriendRepositoryImpl.swift in Sources */ = {isa = PBXBuildFile; fileRef = A28F846E2C1C514A00E1A177 /* FriendRepositoryImpl.swift */; };
		A28F84712C1C51B800E1A177 /* MapRepositoryImpl.swift in Sources */ = {isa = PBXBuildFile; fileRef = A28F84702C1C51B800E1A177 /* MapRepositoryImpl.swift */; };
		A28F84732C1C535800E1A177 /* HTTPConstant.swift in Sources */ = {isa = PBXBuildFile; fileRef = A28F84722C1C535800E1A177 /* HTTPConstant.swift */; };
		E92802C08C5B7965C45BE952 /* Pods_SwiftGathering_iOSTests.framework in Frameworks */ = {isa = PBXBuildFile; fileRef = C65B9DC7255E778DC227EFE4 /* Pods_SwiftGathering_iOSTests.framework */; };
/* End PBXBuildFile section */

/* Begin PBXContainerItemProxy section */
		435CA6882B944BDD008276B6 /* PBXContainerItemProxy */ = {
			isa = PBXContainerItemProxy;
			containerPortal = 435CA6692B944BDA008276B6 /* Project object */;
			proxyType = 1;
			remoteGlobalIDString = 435CA6702B944BDA008276B6;
			remoteInfo = SwiftGathering_iOS;
		};
		435CA6922B944BDD008276B6 /* PBXContainerItemProxy */ = {
			isa = PBXContainerItemProxy;
			containerPortal = 435CA6692B944BDA008276B6 /* Project object */;
			proxyType = 1;
			remoteGlobalIDString = 435CA6702B944BDA008276B6;
			remoteInfo = SwiftGathering_iOS;
		};
/* End PBXContainerItemProxy section */

/* Begin PBXFileReference section */
		0E7382CA5E19CC245F59733B /* Pods-SwiftGathering_iOS-SwiftGathering_iOSUITests.debug.xcconfig */ = {isa = PBXFileReference; includeInIndex = 1; lastKnownFileType = text.xcconfig; name = "Pods-SwiftGathering_iOS-SwiftGathering_iOSUITests.debug.xcconfig"; path = "Target Support Files/Pods-SwiftGathering_iOS-SwiftGathering_iOSUITests/Pods-SwiftGathering_iOS-SwiftGathering_iOSUITests.debug.xcconfig"; sourceTree = "<group>"; };
		432C70742BD3E83600B4F4CE /* SplashViewModel.swift */ = {isa = PBXFileReference; lastKnownFileType = sourcecode.swift; path = SplashViewModel.swift; sourceTree = "<group>"; };
		432C70762BD3EEBF00B4F4CE /* LoginInfo.swift */ = {isa = PBXFileReference; lastKnownFileType = sourcecode.swift; path = LoginInfo.swift; sourceTree = "<group>"; };
		432C707B2BD3F8DF00B4F4CE /* UserDefaultsError.swift */ = {isa = PBXFileReference; lastKnownFileType = sourcecode.swift; path = UserDefaultsError.swift; sourceTree = "<group>"; };
		432C707F2BD41BB400B4F4CE /* LoginCoordinator.swift */ = {isa = PBXFileReference; lastKnownFileType = sourcecode.swift; path = LoginCoordinator.swift; sourceTree = "<group>"; };
		435CA6712B944BDA008276B6 /* Swift Gathering.app */ = {isa = PBXFileReference; explicitFileType = wrapper.application; includeInIndex = 0; path = "Swift Gathering.app"; sourceTree = BUILT_PRODUCTS_DIR; };
		435CA6742B944BDA008276B6 /* AppDelegate.swift */ = {isa = PBXFileReference; lastKnownFileType = sourcecode.swift; path = AppDelegate.swift; sourceTree = "<group>"; };
		435CA6762B944BDA008276B6 /* SceneDelegate.swift */ = {isa = PBXFileReference; lastKnownFileType = sourcecode.swift; path = SceneDelegate.swift; sourceTree = "<group>"; };
		435CA67D2B944BDC008276B6 /* Assets.xcassets */ = {isa = PBXFileReference; lastKnownFileType = folder.assetcatalog; path = Assets.xcassets; sourceTree = "<group>"; };
		435CA6802B944BDC008276B6 /* Base */ = {isa = PBXFileReference; lastKnownFileType = file.storyboard; name = Base; path = Base.lproj/LaunchScreen.storyboard; sourceTree = "<group>"; };
		435CA6822B944BDC008276B6 /* Info.plist */ = {isa = PBXFileReference; lastKnownFileType = text.plist.xml; path = Info.plist; sourceTree = "<group>"; };
		435CA6872B944BDD008276B6 /* SwiftGathering_iOSTests.xctest */ = {isa = PBXFileReference; explicitFileType = wrapper.cfbundle; includeInIndex = 0; path = SwiftGathering_iOSTests.xctest; sourceTree = BUILT_PRODUCTS_DIR; };
		435CA68B2B944BDD008276B6 /* SwiftGathering_iOSTests.swift */ = {isa = PBXFileReference; lastKnownFileType = sourcecode.swift; path = SwiftGathering_iOSTests.swift; sourceTree = "<group>"; };
		435CA6912B944BDD008276B6 /* SwiftGathering_iOSUITests.xctest */ = {isa = PBXFileReference; explicitFileType = wrapper.cfbundle; includeInIndex = 0; path = SwiftGathering_iOSUITests.xctest; sourceTree = BUILT_PRODUCTS_DIR; };
		435CA6952B944BDD008276B6 /* SwiftGathering_iOSUITests.swift */ = {isa = PBXFileReference; lastKnownFileType = sourcecode.swift; path = SwiftGathering_iOSUITests.swift; sourceTree = "<group>"; };
		435CA6972B944BDD008276B6 /* SwiftGathering_iOSUITestsLaunchTests.swift */ = {isa = PBXFileReference; lastKnownFileType = sourcecode.swift; path = SwiftGathering_iOSUITestsLaunchTests.swift; sourceTree = "<group>"; };
		4376F4EB2BE61CDD00049FE1 /* TabBarCoordinator.swift */ = {isa = PBXFileReference; lastKnownFileType = sourcecode.swift; path = TabBarCoordinator.swift; sourceTree = "<group>"; };
		4376F4F02BE6222100049FE1 /* EmptyCoordinator.swift */ = {isa = PBXFileReference; lastKnownFileType = sourcecode.swift; path = EmptyCoordinator.swift; sourceTree = "<group>"; };
		4376F4F22BE63ACC00049FE1 /* TabbarItemType.swift */ = {isa = PBXFileReference; lastKnownFileType = sourcecode.swift; path = TabbarItemType.swift; sourceTree = "<group>"; };
		437A46BA2BE93BA100CDB3C9 /* LoginOutput.swift */ = {isa = PBXFileReference; lastKnownFileType = sourcecode.swift; path = LoginOutput.swift; sourceTree = "<group>"; };
		437FA54B2BDCEE0E00447EE8 /* MapViewModel.swift */ = {isa = PBXFileReference; lastKnownFileType = sourcecode.swift; path = MapViewModel.swift; sourceTree = "<group>"; };
		437FA54D2BDD40F000447EE8 /* FriendLocationOutput.swift */ = {isa = PBXFileReference; lastKnownFileType = sourcecode.swift; path = FriendLocationOutput.swift; sourceTree = "<group>"; };
		437FA5512BDD432A00447EE8 /* FriendInfo.swift */ = {isa = PBXFileReference; lastKnownFileType = sourcecode.swift; path = FriendInfo.swift; sourceTree = "<group>"; };
		437FA5532BDD43B000447EE8 /* MapCoordinator.swift */ = {isa = PBXFileReference; lastKnownFileType = sourcecode.swift; path = MapCoordinator.swift; sourceTree = "<group>"; };
		437FA5552BDD458500447EE8 /* MapUseCase.swift */ = {isa = PBXFileReference; lastKnownFileType = sourcecode.swift; path = MapUseCase.swift; sourceTree = "<group>"; };
		437FA5572BDD459A00447EE8 /* MapRepository.swift */ = {isa = PBXFileReference; lastKnownFileType = sourcecode.swift; path = MapRepository.swift; sourceTree = "<group>"; };
		439864712C1F41A300EBAD6A /* TokenHolder.swift */ = {isa = PBXFileReference; lastKnownFileType = sourcecode.swift; path = TokenHolder.swift; sourceTree = "<group>"; };
		439864732C26AB4E00EBAD6A /* MemberIdHolder.swift */ = {isa = PBXFileReference; lastKnownFileType = sourcecode.swift; path = MemberIdHolder.swift; sourceTree = "<group>"; };
		439864762C26CEDF00EBAD6A /* STOMPHandler.swift */ = {isa = PBXFileReference; lastKnownFileType = sourcecode.swift; path = STOMPHandler.swift; sourceTree = "<group>"; };
		439864782C26D95500EBAD6A /* MockLocationInput.swift */ = {isa = PBXFileReference; lastKnownFileType = sourcecode.swift; path = MockLocationInput.swift; sourceTree = "<group>"; };
		4398647A2C26DFE900EBAD6A /* STOMPError.swift */ = {isa = PBXFileReference; lastKnownFileType = sourcecode.swift; path = STOMPError.swift; sourceTree = "<group>"; };
		439BB32F2BB5B35F006F34A5 /* LoginViewModel.swift */ = {isa = PBXFileReference; lastKnownFileType = sourcecode.swift; path = LoginViewModel.swift; sourceTree = "<group>"; };
		439BB3362BB5B4EC006F34A5 /* LoginUseCase.swift */ = {isa = PBXFileReference; lastKnownFileType = sourcecode.swift; path = LoginUseCase.swift; sourceTree = "<group>"; };
		43B2CEED2B94825B00047065 /* CanvasView.swift */ = {isa = PBXFileReference; lastKnownFileType = sourcecode.swift; path = CanvasView.swift; sourceTree = "<group>"; };
		43B2CEEF2B94828C00047065 /* DrawingMode.swift */ = {isa = PBXFileReference; lastKnownFileType = sourcecode.swift; path = DrawingMode.swift; sourceTree = "<group>"; };
		43B2CEF12B94829E00047065 /* DrawingPathInfo.swift */ = {isa = PBXFileReference; lastKnownFileType = sourcecode.swift; path = DrawingPathInfo.swift; sourceTree = "<group>"; };
		43B2CEF32B94848900047065 /* DrawingViewController.swift */ = {isa = PBXFileReference; lastKnownFileType = sourcecode.swift; path = DrawingViewController.swift; sourceTree = "<group>"; };
		43B2CEF42B94848900047065 /* DrawingView.xib */ = {isa = PBXFileReference; lastKnownFileType = file.xib; path = DrawingView.xib; sourceTree = "<group>"; };
		43B2CEF72B94BA0700047065 /* DrawingInfoDTO.swift */ = {isa = PBXFileReference; lastKnownFileType = sourcecode.swift; path = DrawingInfoDTO.swift; sourceTree = "<group>"; };
		43B2CEF92BA69BCD00047065 /* LoginViewController.swift */ = {isa = PBXFileReference; lastKnownFileType = sourcecode.swift; path = LoginViewController.swift; sourceTree = "<group>"; };
		43B2CEFB2BA69BEC00047065 /* LoginView.xib */ = {isa = PBXFileReference; lastKnownFileType = file.xib; path = LoginView.xib; sourceTree = "<group>"; };
		43B2CEFE2BA69DDE00047065 /* UIViewExtensions.swift */ = {isa = PBXFileReference; lastKnownFileType = sourcecode.swift; path = UIViewExtensions.swift; sourceTree = "<group>"; };
		43B2CF022BA69F7A00047065 /* HTTPHandler.swift */ = {isa = PBXFileReference; lastKnownFileType = sourcecode.swift; path = HTTPHandler.swift; sourceTree = "<group>"; };
		43B2CF042BA69FB600047065 /* HTTPError.swift */ = {isa = PBXFileReference; lastKnownFileType = sourcecode.swift; path = HTTPError.swift; sourceTree = "<group>"; };
		43B2CF062BA69FD400047065 /* HTTPMethod.swift */ = {isa = PBXFileReference; lastKnownFileType = sourcecode.swift; path = HTTPMethod.swift; sourceTree = "<group>"; };
		43B2CF082BA69FEC00047065 /* HTTPPath.swift */ = {isa = PBXFileReference; lastKnownFileType = sourcecode.swift; path = HTTPPath.swift; sourceTree = "<group>"; };
		43B2CF0D2BA6A9A500047065 /* LoginInput.swift */ = {isa = PBXFileReference; lastKnownFileType = sourcecode.swift; path = LoginInput.swift; sourceTree = "<group>"; };
		43B2CF0F2BA6AAF300047065 /* ResultExtensions.swift */ = {isa = PBXFileReference; lastKnownFileType = sourcecode.swift; path = ResultExtensions.swift; sourceTree = "<group>"; };
		43B2CF112BA6B79F00047065 /* EmptyOutput.swift */ = {isa = PBXFileReference; lastKnownFileType = sourcecode.swift; path = EmptyOutput.swift; sourceTree = "<group>"; };
		43B2CF152BA6B9A900047065 /* AlertBuilder.swift */ = {isa = PBXFileReference; lastKnownFileType = sourcecode.swift; path = AlertBuilder.swift; sourceTree = "<group>"; };
		43B2CF182BA6BC1500047065 /* RegisterViewController.swift */ = {isa = PBXFileReference; lastKnownFileType = sourcecode.swift; path = RegisterViewController.swift; sourceTree = "<group>"; };
		43B2CF192BA6BC1500047065 /* RegisterView.xib */ = {isa = PBXFileReference; lastKnownFileType = file.xib; path = RegisterView.xib; sourceTree = "<group>"; };
		43B2CF1C2BA6BDD200047065 /* RegisterInput.swift */ = {isa = PBXFileReference; lastKnownFileType = sourcecode.swift; path = RegisterInput.swift; sourceTree = "<group>"; };
		43D0E2A62BE7354100294A4A /* FriendCoordinator.swift */ = {isa = PBXFileReference; lastKnownFileType = sourcecode.swift; path = FriendCoordinator.swift; sourceTree = "<group>"; };
		43D0E2AB2BE7430800294A4A /* FriendViewController.swift */ = {isa = PBXFileReference; lastKnownFileType = sourcecode.swift; path = FriendViewController.swift; sourceTree = "<group>"; };
		43D0E2AD2BE7431900294A4A /* FriendViewModel.swift */ = {isa = PBXFileReference; lastKnownFileType = sourcecode.swift; path = FriendViewModel.swift; sourceTree = "<group>"; };
		43D0E2AF2BE7466200294A4A /* FriendRepository.swift */ = {isa = PBXFileReference; lastKnownFileType = sourcecode.swift; path = FriendRepository.swift; sourceTree = "<group>"; };
		43D0E2B12BE7468E00294A4A /* FriendUseCase.swift */ = {isa = PBXFileReference; lastKnownFileType = sourcecode.swift; path = FriendUseCase.swift; sourceTree = "<group>"; };
		43D0E2B32BE749FC00294A4A /* FriendView.xib */ = {isa = PBXFileReference; lastKnownFileType = file.xib; path = FriendView.xib; sourceTree = "<group>"; };
		43D0E2B52BE74BDC00294A4A /* FriendTableViewCell.swift */ = {isa = PBXFileReference; lastKnownFileType = sourcecode.swift; path = FriendTableViewCell.swift; sourceTree = "<group>"; };
		43D0E2B62BE74BDC00294A4A /* FriendTableViewCell.xib */ = {isa = PBXFileReference; lastKnownFileType = file.xib; path = FriendTableViewCell.xib; sourceTree = "<group>"; };
		43D0E2B92BE79FD700294A4A /* FriendsOutput.swift */ = {isa = PBXFileReference; lastKnownFileType = sourcecode.swift; path = FriendsOutput.swift; sourceTree = "<group>"; };
		43D0E2BB2BE7B14A00294A4A /* MyInfo.swift */ = {isa = PBXFileReference; lastKnownFileType = sourcecode.swift; path = MyInfo.swift; sourceTree = "<group>"; };
		43D3BD252BD4DA7000224669 /* RegisterCoordinator.swift */ = {isa = PBXFileReference; lastKnownFileType = sourcecode.swift; path = RegisterCoordinator.swift; sourceTree = "<group>"; };
		43D3BD272BD4DB3D00224669 /* RegisterUseCase.swift */ = {isa = PBXFileReference; lastKnownFileType = sourcecode.swift; path = RegisterUseCase.swift; sourceTree = "<group>"; };
		43D3BD292BD4DB4900224669 /* RegisterRepository.swift */ = {isa = PBXFileReference; lastKnownFileType = sourcecode.swift; path = RegisterRepository.swift; sourceTree = "<group>"; };
		43D3BD2B2BD4DB5C00224669 /* RegisterViewModel.swift */ = {isa = PBXFileReference; lastKnownFileType = sourcecode.swift; path = RegisterViewModel.swift; sourceTree = "<group>"; };
		43D3BD2D2BD4DBCB00224669 /* RegisterInfo.swift */ = {isa = PBXFileReference; lastKnownFileType = sourcecode.swift; path = RegisterInfo.swift; sourceTree = "<group>"; };
		43FFDD582BCBE08F002D19B2 /* LoginRepository.swift */ = {isa = PBXFileReference; lastKnownFileType = sourcecode.swift; path = LoginRepository.swift; sourceTree = "<group>"; };
		43FFDD682BCD7489002D19B2 /* CoordinatorProtocol.swift */ = {isa = PBXFileReference; lastKnownFileType = sourcecode.swift; path = CoordinatorProtocol.swift; sourceTree = "<group>"; };
		43FFDD6A2BCD74FD002D19B2 /* ParentCoordinatorProtocol.swift */ = {isa = PBXFileReference; lastKnownFileType = sourcecode.swift; path = ParentCoordinatorProtocol.swift; sourceTree = "<group>"; };
		43FFDD6C2BCD759D002D19B2 /* ChildCoordinatorProtocol.swift */ = {isa = PBXFileReference; lastKnownFileType = sourcecode.swift; path = ChildCoordinatorProtocol.swift; sourceTree = "<group>"; };
		43FFDD6E2BCD770A002D19B2 /* RootCoordinator.swift */ = {isa = PBXFileReference; lastKnownFileType = sourcecode.swift; path = RootCoordinator.swift; sourceTree = "<group>"; };
		43FFDD712BCECB54002D19B2 /* SplashView.xib */ = {isa = PBXFileReference; lastKnownFileType = file.xib; path = SplashView.xib; sourceTree = "<group>"; };
		43FFDD732BCECC12002D19B2 /* SplashViewController.swift */ = {isa = PBXFileReference; lastKnownFileType = sourcecode.swift; path = SplashViewController.swift; sourceTree = "<group>"; };
		4875C12A95DE8B46A24E1541 /* Pods-SwiftGathering_iOS-SwiftGathering_iOSUITests.release.xcconfig */ = {isa = PBXFileReference; includeInIndex = 1; lastKnownFileType = text.xcconfig; name = "Pods-SwiftGathering_iOS-SwiftGathering_iOSUITests.release.xcconfig"; path = "Target Support Files/Pods-SwiftGathering_iOS-SwiftGathering_iOSUITests/Pods-SwiftGathering_iOS-SwiftGathering_iOSUITests.release.xcconfig"; sourceTree = "<group>"; };
		4BB0989FB72E9ADDDA0F8670 /* Pods-SwiftGathering_iOS.debug.xcconfig */ = {isa = PBXFileReference; includeInIndex = 1; lastKnownFileType = text.xcconfig; name = "Pods-SwiftGathering_iOS.debug.xcconfig"; path = "Target Support Files/Pods-SwiftGathering_iOS/Pods-SwiftGathering_iOS.debug.xcconfig"; sourceTree = "<group>"; };
		4FDF325A645607F5CADF3484 /* Pods-SwiftGathering_iOSTests.release.xcconfig */ = {isa = PBXFileReference; includeInIndex = 1; lastKnownFileType = text.xcconfig; name = "Pods-SwiftGathering_iOSTests.release.xcconfig"; path = "Target Support Files/Pods-SwiftGathering_iOSTests/Pods-SwiftGathering_iOSTests.release.xcconfig"; sourceTree = "<group>"; };
		5190A3CA9CED555F883DCE7B /* Pods_SwiftGathering_iOS.framework */ = {isa = PBXFileReference; explicitFileType = wrapper.framework; includeInIndex = 0; path = Pods_SwiftGathering_iOS.framework; sourceTree = BUILT_PRODUCTS_DIR; };
		83C2B7468182D1A7E4D00A68 /* Pods-SwiftGathering_iOSTests.debug.xcconfig */ = {isa = PBXFileReference; includeInIndex = 1; lastKnownFileType = text.xcconfig; name = "Pods-SwiftGathering_iOSTests.debug.xcconfig"; path = "Target Support Files/Pods-SwiftGathering_iOSTests/Pods-SwiftGathering_iOSTests.debug.xcconfig"; sourceTree = "<group>"; };
		8808686A64F214766D867FE8 /* Pods-SwiftGathering_iOS.release.xcconfig */ = {isa = PBXFileReference; includeInIndex = 1; lastKnownFileType = text.xcconfig; name = "Pods-SwiftGathering_iOS.release.xcconfig"; path = "Target Support Files/Pods-SwiftGathering_iOS/Pods-SwiftGathering_iOS.release.xcconfig"; sourceTree = "<group>"; };
		A222BAE52C009022000A59FA /* ProfileView.xib */ = {isa = PBXFileReference; lastKnownFileType = file.xib; path = ProfileView.xib; sourceTree = "<group>"; };
		A222BAE72C009031000A59FA /* ProfileViewController.swift */ = {isa = PBXFileReference; lastKnownFileType = sourcecode.swift; path = ProfileViewController.swift; sourceTree = "<group>"; };
		A222BAE92C009165000A59FA /* ProfileCoordinator.swift */ = {isa = PBXFileReference; lastKnownFileType = sourcecode.swift; path = ProfileCoordinator.swift; sourceTree = "<group>"; };
		A231C05D2BA3FD290059572D /* MapViewController.swift */ = {isa = PBXFileReference; lastKnownFileType = sourcecode.swift; path = MapViewController.swift; sourceTree = "<group>"; };
		A231C05E2BA3FD290059572D /* MapView.xib */ = {isa = PBXFileReference; lastKnownFileType = file.xib; path = MapView.xib; sourceTree = "<group>"; };
		A231C0622BA401090059572D /* LocationHandler.swift */ = {isa = PBXFileReference; lastKnownFileType = sourcecode.swift; path = LocationHandler.swift; sourceTree = "<group>"; };
		A28F845B2C1C4DCB00E1A177 /* LoginUseCaseImpl.swift */ = {isa = PBXFileReference; lastKnownFileType = sourcecode.swift; path = LoginUseCaseImpl.swift; sourceTree = "<group>"; };
		A28F845D2C1C4E0B00E1A177 /* RegisterUseCaseImpl.swift */ = {isa = PBXFileReference; lastKnownFileType = sourcecode.swift; path = RegisterUseCaseImpl.swift; sourceTree = "<group>"; };
		A28F845F2C1C4EA400E1A177 /* FriendUseCaseImpl.swift */ = {isa = PBXFileReference; lastKnownFileType = sourcecode.swift; path = FriendUseCaseImpl.swift; sourceTree = "<group>"; };
		A28F84612C1C4EEA00E1A177 /* MapUseCaseImpl.swift */ = {isa = PBXFileReference; lastKnownFileType = sourcecode.swift; path = MapUseCaseImpl.swift; sourceTree = "<group>"; };
		A28F846A2C1C504000E1A177 /* LoginRepositoryImpl.swift */ = {isa = PBXFileReference; lastKnownFileType = sourcecode.swift; path = LoginRepositoryImpl.swift; sourceTree = "<group>"; };
		A28F846C2C1C50C800E1A177 /* RegisterRepositoryImpl.swift */ = {isa = PBXFileReference; lastKnownFileType = sourcecode.swift; path = RegisterRepositoryImpl.swift; sourceTree = "<group>"; };
		A28F846E2C1C514A00E1A177 /* FriendRepositoryImpl.swift */ = {isa = PBXFileReference; lastKnownFileType = sourcecode.swift; path = FriendRepositoryImpl.swift; sourceTree = "<group>"; };
		A28F84702C1C51B800E1A177 /* MapRepositoryImpl.swift */ = {isa = PBXFileReference; lastKnownFileType = sourcecode.swift; path = MapRepositoryImpl.swift; sourceTree = "<group>"; };
		A28F84722C1C535800E1A177 /* HTTPConstant.swift */ = {isa = PBXFileReference; lastKnownFileType = sourcecode.swift; path = HTTPConstant.swift; sourceTree = "<group>"; };
		C65B9DC7255E778DC227EFE4 /* Pods_SwiftGathering_iOSTests.framework */ = {isa = PBXFileReference; explicitFileType = wrapper.framework; includeInIndex = 0; path = Pods_SwiftGathering_iOSTests.framework; sourceTree = BUILT_PRODUCTS_DIR; };
		D3A68007DB5B4FEC66401780 /* Pods_SwiftGathering_iOS_SwiftGathering_iOSUITests.framework */ = {isa = PBXFileReference; explicitFileType = wrapper.framework; includeInIndex = 0; path = Pods_SwiftGathering_iOS_SwiftGathering_iOSUITests.framework; sourceTree = BUILT_PRODUCTS_DIR; };
/* End PBXFileReference section */

/* Begin PBXFrameworksBuildPhase section */
		435CA66E2B944BDA008276B6 /* Frameworks */ = {
			isa = PBXFrameworksBuildPhase;
			buildActionMask = 2147483647;
			files = (
				437FA54A2BDCEDF100447EE8 /* RxCocoa in Frameworks */,
				500ED829B51265E10071BDF6 /* Pods_SwiftGathering_iOS.framework in Frameworks */,
			);
			runOnlyForDeploymentPostprocessing = 0;
		};
		435CA6842B944BDD008276B6 /* Frameworks */ = {
			isa = PBXFrameworksBuildPhase;
			buildActionMask = 2147483647;
			files = (
				E92802C08C5B7965C45BE952 /* Pods_SwiftGathering_iOSTests.framework in Frameworks */,
			);
			runOnlyForDeploymentPostprocessing = 0;
		};
		435CA68E2B944BDD008276B6 /* Frameworks */ = {
			isa = PBXFrameworksBuildPhase;
			buildActionMask = 2147483647;
			files = (
				383EEB792932DE54C2B7BE9F /* Pods_SwiftGathering_iOS_SwiftGathering_iOSUITests.framework in Frameworks */,
			);
			runOnlyForDeploymentPostprocessing = 0;
		};
/* End PBXFrameworksBuildPhase section */

/* Begin PBXGroup section */
		432C70782BD3EEC500B4F4CE /* Entity */ = {
			isa = PBXGroup;
			children = (
				A28F84542C1C4C6100E1A177 /* Auth */,
				A28F84552C1C4C6E00E1A177 /* User */,
				A28F84562C1C4C7600E1A177 /* Friend */,
			);
			path = Entity;
			sourceTree = "<group>";
		};
		432C70792BD3F8CC00B4F4CE /* Errors */ = {
			isa = PBXGroup;
			children = (
				432C707B2BD3F8DF00B4F4CE /* UserDefaultsError.swift */,
			);
			path = Errors;
			sourceTree = "<group>";
		};
		432C707D2BD4188D00B4F4CE /* Login */ = {
			isa = PBXGroup;
			children = (
				43B2CEFB2BA69BEC00047065 /* LoginView.xib */,
				43B2CEF92BA69BCD00047065 /* LoginViewController.swift */,
				439BB32F2BB5B35F006F34A5 /* LoginViewModel.swift */,
			);
			path = Login;
			sourceTree = "<group>";
		};
		432C707E2BD4189500B4F4CE /* Register */ = {
			isa = PBXGroup;
			children = (
				43B2CF192BA6BC1500047065 /* RegisterView.xib */,
				43B2CF182BA6BC1500047065 /* RegisterViewController.swift */,
				43D3BD2B2BD4DB5C00224669 /* RegisterViewModel.swift */,
			);
			path = Register;
			sourceTree = "<group>";
		};
		435CA6682B944BDA008276B6 = {
			isa = PBXGroup;
			children = (
				435CA6732B944BDA008276B6 /* SwiftGathering_iOS */,
				435CA68A2B944BDD008276B6 /* SwiftGathering_iOSTests */,
				435CA6942B944BDD008276B6 /* SwiftGathering_iOSUITests */,
				435CA6722B944BDA008276B6 /* Products */,
				6ECE34790437ED86F6880717 /* Pods */,
				7B19AF07F5B025B5A785700B /* Frameworks */,
			);
			sourceTree = "<group>";
		};
		435CA6722B944BDA008276B6 /* Products */ = {
			isa = PBXGroup;
			children = (
				435CA6712B944BDA008276B6 /* Swift Gathering.app */,
				435CA6872B944BDD008276B6 /* SwiftGathering_iOSTests.xctest */,
				435CA6912B944BDD008276B6 /* SwiftGathering_iOSUITests.xctest */,
			);
			name = Products;
			sourceTree = "<group>";
		};
		435CA6732B944BDA008276B6 /* SwiftGathering_iOS */ = {
			isa = PBXGroup;
			children = (
				43FFDD542BCBD861002D19B2 /* Core */,
				43FFDD552BCBDB01002D19B2 /* Infra */,
				439BB32B2BB5AF90006F34A5 /* Domain */,
				43FFDD4F2BCBC373002D19B2 /* Data */,
				439BB32D2BB5AFA7006F34A5 /* Presentation */,
				43B2CF132BA6B96F00047065 /* Utility */,
			);
			path = SwiftGathering_iOS;
			sourceTree = "<group>";
		};
		435CA68A2B944BDD008276B6 /* SwiftGathering_iOSTests */ = {
			isa = PBXGroup;
			children = (
				435CA68B2B944BDD008276B6 /* SwiftGathering_iOSTests.swift */,
			);
			path = SwiftGathering_iOSTests;
			sourceTree = "<group>";
		};
		435CA6942B944BDD008276B6 /* SwiftGathering_iOSUITests */ = {
			isa = PBXGroup;
			children = (
				435CA6952B944BDD008276B6 /* SwiftGathering_iOSUITests.swift */,
				435CA6972B944BDD008276B6 /* SwiftGathering_iOSUITestsLaunchTests.swift */,
			);
			path = SwiftGathering_iOSUITests;
			sourceTree = "<group>";
		};
		439864702C1F419200EBAD6A /* Holder */ = {
			isa = PBXGroup;
			children = (
				439864712C1F41A300EBAD6A /* TokenHolder.swift */,
				439864732C26AB4E00EBAD6A /* MemberIdHolder.swift */,
			);
			path = Holder;
			sourceTree = "<group>";
		};
		439864752C26CEBA00EBAD6A /* STOMP */ = {
			isa = PBXGroup;
			children = (
				439864762C26CEDF00EBAD6A /* STOMPHandler.swift */,
				4398647A2C26DFE900EBAD6A /* STOMPError.swift */,
			);
			path = STOMP;
			sourceTree = "<group>";
		};
		439BB32B2BB5AF90006F34A5 /* Domain */ = {
			isa = PBXGroup;
			children = (
				432C70782BD3EEC500B4F4CE /* Entity */,
				43FFDD652BCBE777002D19B2 /* UseCase */,
			);
			path = Domain;
			sourceTree = "<group>";
		};
		439BB32D2BB5AFA7006F34A5 /* Presentation */ = {
			isa = PBXGroup;
			children = (
				A222BAE42C009012000A59FA /* ProfileScene */,
				43FFDD702BCECB30002D19B2 /* SplashScene */,
				43FFDD5E2BCBE5D5002D19B2 /* Common */,
				43FFDD622BCBE670002D19B2 /* DrawingScene */,
				43FFDD5D2BCBE5A9002D19B2 /* MapScene */,
				43D0E2AA2BE742EB00294A4A /* FriendScene */,
				43FFDD502BCBC3AC002D19B2 /* AuthenticationScene */,
			);
			path = Presentation;
			sourceTree = "<group>";
		};
		43B2CEFD2BA69D7100047065 /* Extensions */ = {
			isa = PBXGroup;
			children = (
				43B2CEFE2BA69DDE00047065 /* UIViewExtensions.swift */,
				43B2CF0F2BA6AAF300047065 /* ResultExtensions.swift */,
			);
			path = Extensions;
			sourceTree = "<group>";
		};
		43B2CF012BA69F1300047065 /* HTTP */ = {
			isa = PBXGroup;
			children = (
				43B2CF022BA69F7A00047065 /* HTTPHandler.swift */,
				43B2CF082BA69FEC00047065 /* HTTPPath.swift */,
				43B2CF062BA69FD400047065 /* HTTPMethod.swift */,
				43B2CF042BA69FB600047065 /* HTTPError.swift */,
				A28F84722C1C535800E1A177 /* HTTPConstant.swift */,
			);
			path = HTTP;
			sourceTree = "<group>";
		};
		43B2CF132BA6B96F00047065 /* Utility */ = {
			isa = PBXGroup;
			children = (
				432C70792BD3F8CC00B4F4CE /* Errors */,
				43FFDD672BCD7465002D19B2 /* Coordinators */,
				43B2CEFD2BA69D7100047065 /* Extensions */,
				43B2CF142BA6B98B00047065 /* AlertBuilder */,
			);
			path = Utility;
			sourceTree = "<group>";
		};
		43B2CF142BA6B98B00047065 /* AlertBuilder */ = {
			isa = PBXGroup;
			children = (
				43B2CF152BA6B9A900047065 /* AlertBuilder.swift */,
			);
			path = AlertBuilder;
			sourceTree = "<group>";
		};
		43D0E2AA2BE742EB00294A4A /* FriendScene */ = {
			isa = PBXGroup;
			children = (
				43D0E2B32BE749FC00294A4A /* FriendView.xib */,
				43D0E2AB2BE7430800294A4A /* FriendViewController.swift */,
				43D0E2AD2BE7431900294A4A /* FriendViewModel.swift */,
				43D0E2B62BE74BDC00294A4A /* FriendTableViewCell.xib */,
				43D0E2B52BE74BDC00294A4A /* FriendTableViewCell.swift */,
			);
			path = FriendScene;
			sourceTree = "<group>";
		};
		43FFDD4F2BCBC373002D19B2 /* Data */ = {
			isa = PBXGroup;
			children = (
				439864702C1F419200EBAD6A /* Holder */,
				43FFDD562BCBDB88002D19B2 /* Repository */,
				43FFDD572BCBDB92002D19B2 /* Model */,
			);
			path = Data;
			sourceTree = "<group>";
		};
		43FFDD502BCBC3AC002D19B2 /* AuthenticationScene */ = {
			isa = PBXGroup;
			children = (
				432C707D2BD4188D00B4F4CE /* Login */,
				432C707E2BD4189500B4F4CE /* Register */,
			);
			path = AuthenticationScene;
			sourceTree = "<group>";
		};
		43FFDD542BCBD861002D19B2 /* Core */ = {
			isa = PBXGroup;
			children = (
				435CA6742B944BDA008276B6 /* AppDelegate.swift */,
				435CA6762B944BDA008276B6 /* SceneDelegate.swift */,
				435CA67D2B944BDC008276B6 /* Assets.xcassets */,
				435CA67F2B944BDC008276B6 /* LaunchScreen.storyboard */,
				435CA6822B944BDC008276B6 /* Info.plist */,
			);
			path = Core;
			sourceTree = "<group>";
		};
		43FFDD552BCBDB01002D19B2 /* Infra */ = {
			isa = PBXGroup;
			children = (
				43FFDD5A2BCBE2B8002D19B2 /* Networking */,
				A231C0612BA400F10059572D /* Location */,
			);
			path = Infra;
			sourceTree = "<group>";
		};
		43FFDD562BCBDB88002D19B2 /* Repository */ = {
			isa = PBXGroup;
			children = (
				A28F84672C1C500E00E1A177 /* Auth */,
				A28F84692C1C502100E1A177 /* Friend */,
				A28F84682C1C501C00E1A177 /* Map */,
			);
			path = Repository;
			sourceTree = "<group>";
		};
		43FFDD572BCBDB92002D19B2 /* Model */ = {
			isa = PBXGroup;
			children = (
				A28F84642C1C4F9500E1A177 /* Common */,
				A28F84632C1C4F8400E1A177 /* Auth */,
				A28F84662C1C4FAF00E1A177 /* Friend */,
				A28F84652C1C4FA800E1A177 /* Map */,
			);
			path = Model;
			sourceTree = "<group>";
		};
		43FFDD5A2BCBE2B8002D19B2 /* Networking */ = {
			isa = PBXGroup;
			children = (
				43B2CF012BA69F1300047065 /* HTTP */,
				439864752C26CEBA00EBAD6A /* STOMP */,
			);
			path = Networking;
			sourceTree = "<group>";
		};
		43FFDD5D2BCBE5A9002D19B2 /* MapScene */ = {
			isa = PBXGroup;
			children = (
				A231C05E2BA3FD290059572D /* MapView.xib */,
				A231C05D2BA3FD290059572D /* MapViewController.swift */,
				437FA54B2BDCEE0E00447EE8 /* MapViewModel.swift */,
			);
			path = MapScene;
			sourceTree = "<group>";
		};
		43FFDD5E2BCBE5D5002D19B2 /* Common */ = {
			isa = PBXGroup;
			children = (
				A26B9AAA2B95793600F46A4E /* Drawing */,
			);
			path = Common;
			sourceTree = "<group>";
		};
		43FFDD622BCBE670002D19B2 /* DrawingScene */ = {
			isa = PBXGroup;
			children = (
				43B2CEF42B94848900047065 /* DrawingView.xib */,
				43B2CEF32B94848900047065 /* DrawingViewController.swift */,
			);
			path = DrawingScene;
			sourceTree = "<group>";
		};
		43FFDD652BCBE777002D19B2 /* UseCase */ = {
			isa = PBXGroup;
			children = (
				A28F84572C1C4C8900E1A177 /* Auth */,
				A28F84592C1C4C9900E1A177 /* Friend */,
				A28F845A2C1C4CAC00E1A177 /* Map */,
			);
			path = UseCase;
			sourceTree = "<group>";
		};
		43FFDD672BCD7465002D19B2 /* Coordinators */ = {
			isa = PBXGroup;
			children = (
				43FFDD682BCD7489002D19B2 /* CoordinatorProtocol.swift */,
				43FFDD6A2BCD74FD002D19B2 /* ParentCoordinatorProtocol.swift */,
				43FFDD6C2BCD759D002D19B2 /* ChildCoordinatorProtocol.swift */,
				43FFDD6E2BCD770A002D19B2 /* RootCoordinator.swift */,
				432C707F2BD41BB400B4F4CE /* LoginCoordinator.swift */,
				43D3BD252BD4DA7000224669 /* RegisterCoordinator.swift */,
				4376F4F22BE63ACC00049FE1 /* TabbarItemType.swift */,
				4376F4EB2BE61CDD00049FE1 /* TabBarCoordinator.swift */,
				4376F4F02BE6222100049FE1 /* EmptyCoordinator.swift */,
				437FA5532BDD43B000447EE8 /* MapCoordinator.swift */,
				43D0E2A62BE7354100294A4A /* FriendCoordinator.swift */,
				A222BAE92C009165000A59FA /* ProfileCoordinator.swift */,
			);
			path = Coordinators;
			sourceTree = "<group>";
		};
		43FFDD702BCECB30002D19B2 /* SplashScene */ = {
			isa = PBXGroup;
			children = (
				43FFDD712BCECB54002D19B2 /* SplashView.xib */,
				43FFDD732BCECC12002D19B2 /* SplashViewController.swift */,
				432C70742BD3E83600B4F4CE /* SplashViewModel.swift */,
			);
			path = SplashScene;
			sourceTree = "<group>";
		};
		6ECE34790437ED86F6880717 /* Pods */ = {
			isa = PBXGroup;
			children = (
				4BB0989FB72E9ADDDA0F8670 /* Pods-SwiftGathering_iOS.debug.xcconfig */,
				8808686A64F214766D867FE8 /* Pods-SwiftGathering_iOS.release.xcconfig */,
				0E7382CA5E19CC245F59733B /* Pods-SwiftGathering_iOS-SwiftGathering_iOSUITests.debug.xcconfig */,
				4875C12A95DE8B46A24E1541 /* Pods-SwiftGathering_iOS-SwiftGathering_iOSUITests.release.xcconfig */,
				83C2B7468182D1A7E4D00A68 /* Pods-SwiftGathering_iOSTests.debug.xcconfig */,
				4FDF325A645607F5CADF3484 /* Pods-SwiftGathering_iOSTests.release.xcconfig */,
			);
			path = Pods;
			sourceTree = "<group>";
		};
		7B19AF07F5B025B5A785700B /* Frameworks */ = {
			isa = PBXGroup;
			children = (
				5190A3CA9CED555F883DCE7B /* Pods_SwiftGathering_iOS.framework */,
				D3A68007DB5B4FEC66401780 /* Pods_SwiftGathering_iOS_SwiftGathering_iOSUITests.framework */,
				C65B9DC7255E778DC227EFE4 /* Pods_SwiftGathering_iOSTests.framework */,
			);
			name = Frameworks;
			sourceTree = "<group>";
		};
		A222BAE42C009012000A59FA /* ProfileScene */ = {
			isa = PBXGroup;
			children = (
				A222BAE52C009022000A59FA /* ProfileView.xib */,
				A222BAE72C009031000A59FA /* ProfileViewController.swift */,
			);
			path = ProfileScene;
			sourceTree = "<group>";
		};
		A231C0612BA400F10059572D /* Location */ = {
			isa = PBXGroup;
			children = (
				A231C0622BA401090059572D /* LocationHandler.swift */,
			);
			path = Location;
			sourceTree = "<group>";
		};
		A26B9AAA2B95793600F46A4E /* Drawing */ = {
			isa = PBXGroup;
			children = (
				43B2CEED2B94825B00047065 /* CanvasView.swift */,
				43B2CEEF2B94828C00047065 /* DrawingMode.swift */,
				43B2CEF12B94829E00047065 /* DrawingPathInfo.swift */,
				43B2CEF72B94BA0700047065 /* DrawingInfoDTO.swift */,
			);
			path = Drawing;
			sourceTree = "<group>";
		};
		A28F84542C1C4C6100E1A177 /* Auth */ = {
			isa = PBXGroup;
			children = (
				432C70762BD3EEBF00B4F4CE /* LoginInfo.swift */,
				43D3BD2D2BD4DBCB00224669 /* RegisterInfo.swift */,
			);
			path = Auth;
			sourceTree = "<group>";
		};
		A28F84552C1C4C6E00E1A177 /* User */ = {
			isa = PBXGroup;
			children = (
				43D0E2BB2BE7B14A00294A4A /* MyInfo.swift */,
			);
			path = User;
			sourceTree = "<group>";
		};
		A28F84562C1C4C7600E1A177 /* Friend */ = {
			isa = PBXGroup;
			children = (
				437FA5512BDD432A00447EE8 /* FriendInfo.swift */,
			);
			path = Friend;
			sourceTree = "<group>";
		};
		A28F84572C1C4C8900E1A177 /* Auth */ = {
			isa = PBXGroup;
			children = (
				439BB3362BB5B4EC006F34A5 /* LoginUseCase.swift */,
				A28F845B2C1C4DCB00E1A177 /* LoginUseCaseImpl.swift */,
				43FFDD582BCBE08F002D19B2 /* LoginRepository.swift */,
				43D3BD272BD4DB3D00224669 /* RegisterUseCase.swift */,
				A28F845D2C1C4E0B00E1A177 /* RegisterUseCaseImpl.swift */,
				43D3BD292BD4DB4900224669 /* RegisterRepository.swift */,
			);
			path = Auth;
			sourceTree = "<group>";
		};
		A28F84592C1C4C9900E1A177 /* Friend */ = {
			isa = PBXGroup;
			children = (
				43D0E2B12BE7468E00294A4A /* FriendUseCase.swift */,
				A28F845F2C1C4EA400E1A177 /* FriendUseCaseImpl.swift */,
				43D0E2AF2BE7466200294A4A /* FriendRepository.swift */,
			);
			path = Friend;
			sourceTree = "<group>";
		};
		A28F845A2C1C4CAC00E1A177 /* Map */ = {
			isa = PBXGroup;
			children = (
				437FA5552BDD458500447EE8 /* MapUseCase.swift */,
				A28F84612C1C4EEA00E1A177 /* MapUseCaseImpl.swift */,
				437FA5572BDD459A00447EE8 /* MapRepository.swift */,
			);
			path = Map;
			sourceTree = "<group>";
		};
		A28F84632C1C4F8400E1A177 /* Auth */ = {
			isa = PBXGroup;
			children = (
				437A46BA2BE93BA100CDB3C9 /* LoginOutput.swift */,
				43B2CF0D2BA6A9A500047065 /* LoginInput.swift */,
				43B2CF1C2BA6BDD200047065 /* RegisterInput.swift */,
			);
			path = Auth;
			sourceTree = "<group>";
		};
		A28F84642C1C4F9500E1A177 /* Common */ = {
			isa = PBXGroup;
			children = (
				43B2CF112BA6B79F00047065 /* EmptyOutput.swift */,
			);
			path = Common;
			sourceTree = "<group>";
		};
		A28F84652C1C4FA800E1A177 /* Map */ = {
			isa = PBXGroup;
			children = (
				437FA54D2BDD40F000447EE8 /* FriendLocationOutput.swift */,
				439864782C26D95500EBAD6A /* MockLocationInput.swift */,
			);
			path = Map;
			sourceTree = "<group>";
		};
		A28F84662C1C4FAF00E1A177 /* Friend */ = {
			isa = PBXGroup;
			children = (
				43D0E2B92BE79FD700294A4A /* FriendsOutput.swift */,
			);
			path = Friend;
			sourceTree = "<group>";
		};
		A28F84672C1C500E00E1A177 /* Auth */ = {
			isa = PBXGroup;
			children = (
				A28F846A2C1C504000E1A177 /* LoginRepositoryImpl.swift */,
				A28F846C2C1C50C800E1A177 /* RegisterRepositoryImpl.swift */,
			);
			path = Auth;
			sourceTree = "<group>";
		};
		A28F84682C1C501C00E1A177 /* Map */ = {
			isa = PBXGroup;
			children = (
				A28F84702C1C51B800E1A177 /* MapRepositoryImpl.swift */,
			);
			path = Map;
			sourceTree = "<group>";
		};
		A28F84692C1C502100E1A177 /* Friend */ = {
			isa = PBXGroup;
			children = (
				A28F846E2C1C514A00E1A177 /* FriendRepositoryImpl.swift */,
			);
			path = Friend;
			sourceTree = "<group>";
		};
/* End PBXGroup section */

/* Begin PBXNativeTarget section */
		435CA6702B944BDA008276B6 /* SwiftGathering_iOS */ = {
			isa = PBXNativeTarget;
			buildConfigurationList = 435CA69B2B944BDD008276B6 /* Build configuration list for PBXNativeTarget "SwiftGathering_iOS" */;
			buildPhases = (
				B24E95FDD29D58BCF1DAD437 /* [CP] Check Pods Manifest.lock */,
				435CA66D2B944BDA008276B6 /* Sources */,
				435CA66E2B944BDA008276B6 /* Frameworks */,
				435CA66F2B944BDA008276B6 /* Resources */,
				1C6DDED2A56425563215D0F3 /* [CP] Embed Pods Frameworks */,
			);
			buildRules = (
			);
			dependencies = (
			);
			name = SwiftGathering_iOS;
			packageProductDependencies = (
				437FA5492BDCEDF100447EE8 /* RxCocoa */,
			);
			productName = SwiftGathering_iOS;
			productReference = 435CA6712B944BDA008276B6 /* Swift Gathering.app */;
			productType = "com.apple.product-type.application";
		};
		435CA6862B944BDD008276B6 /* SwiftGathering_iOSTests */ = {
			isa = PBXNativeTarget;
			buildConfigurationList = 435CA69E2B944BDD008276B6 /* Build configuration list for PBXNativeTarget "SwiftGathering_iOSTests" */;
			buildPhases = (
				3EC79996EE2864BAA28303E7 /* [CP] Check Pods Manifest.lock */,
				435CA6832B944BDD008276B6 /* Sources */,
				435CA6842B944BDD008276B6 /* Frameworks */,
				435CA6852B944BDD008276B6 /* Resources */,
			);
			buildRules = (
			);
			dependencies = (
				435CA6892B944BDD008276B6 /* PBXTargetDependency */,
			);
			name = SwiftGathering_iOSTests;
			productName = SwiftGathering_iOSTests;
			productReference = 435CA6872B944BDD008276B6 /* SwiftGathering_iOSTests.xctest */;
			productType = "com.apple.product-type.bundle.unit-test";
		};
		435CA6902B944BDD008276B6 /* SwiftGathering_iOSUITests */ = {
			isa = PBXNativeTarget;
			buildConfigurationList = 435CA6A12B944BDD008276B6 /* Build configuration list for PBXNativeTarget "SwiftGathering_iOSUITests" */;
			buildPhases = (
				C011C28D43849EEA9FA4293B /* [CP] Check Pods Manifest.lock */,
				435CA68D2B944BDD008276B6 /* Sources */,
				435CA68E2B944BDD008276B6 /* Frameworks */,
				435CA68F2B944BDD008276B6 /* Resources */,
				A3E40D4543AD1C0446F50AA1 /* [CP] Embed Pods Frameworks */,
			);
			buildRules = (
			);
			dependencies = (
				435CA6932B944BDD008276B6 /* PBXTargetDependency */,
			);
			name = SwiftGathering_iOSUITests;
			productName = SwiftGathering_iOSUITests;
			productReference = 435CA6912B944BDD008276B6 /* SwiftGathering_iOSUITests.xctest */;
			productType = "com.apple.product-type.bundle.ui-testing";
		};
/* End PBXNativeTarget section */

/* Begin PBXProject section */
		435CA6692B944BDA008276B6 /* Project object */ = {
			isa = PBXProject;
			attributes = {
				BuildIndependentTargetsInParallel = 1;
				LastSwiftUpdateCheck = 1520;
				LastUpgradeCheck = 1520;
				TargetAttributes = {
					435CA6702B944BDA008276B6 = {
						CreatedOnToolsVersion = 15.2;
					};
					435CA6862B944BDD008276B6 = {
						CreatedOnToolsVersion = 15.2;
						TestTargetID = 435CA6702B944BDA008276B6;
					};
					435CA6902B944BDD008276B6 = {
						CreatedOnToolsVersion = 15.2;
						TestTargetID = 435CA6702B944BDA008276B6;
					};
				};
			};
			buildConfigurationList = 435CA66C2B944BDA008276B6 /* Build configuration list for PBXProject "SwiftGathering_iOS" */;
			compatibilityVersion = "Xcode 14.0";
			developmentRegion = en;
			hasScannedForEncodings = 0;
			knownRegions = (
				en,
				Base,
			);
			mainGroup = 435CA6682B944BDA008276B6;
			packageReferences = (
				437FA5482BDCEDF000447EE8 /* XCRemoteSwiftPackageReference "RxSwift" */,
			);
			productRefGroup = 435CA6722B944BDA008276B6 /* Products */;
			projectDirPath = "";
			projectRoot = "";
			targets = (
				435CA6702B944BDA008276B6 /* SwiftGathering_iOS */,
				435CA6862B944BDD008276B6 /* SwiftGathering_iOSTests */,
				435CA6902B944BDD008276B6 /* SwiftGathering_iOSUITests */,
			);
		};
/* End PBXProject section */

/* Begin PBXResourcesBuildPhase section */
		435CA66F2B944BDA008276B6 /* Resources */ = {
			isa = PBXResourcesBuildPhase;
			buildActionMask = 2147483647;
			files = (
				43B2CEFC2BA69BEC00047065 /* LoginView.xib in Resources */,
				43FFDD722BCECB54002D19B2 /* SplashView.xib in Resources */,
				43D0E2B42BE749FC00294A4A /* FriendView.xib in Resources */,
				435CA6812B944BDC008276B6 /* LaunchScreen.storyboard in Resources */,
				435CA67E2B944BDC008276B6 /* Assets.xcassets in Resources */,
				43B2CEF62B94848900047065 /* DrawingView.xib in Resources */,
				A222BAE62C009022000A59FA /* ProfileView.xib in Resources */,
				A231C0602BA3FD290059572D /* MapView.xib in Resources */,
				43D0E2B82BE74BDC00294A4A /* FriendTableViewCell.xib in Resources */,
				43B2CF1B2BA6BC1600047065 /* RegisterView.xib in Resources */,
			);
			runOnlyForDeploymentPostprocessing = 0;
		};
		435CA6852B944BDD008276B6 /* Resources */ = {
			isa = PBXResourcesBuildPhase;
			buildActionMask = 2147483647;
			files = (
			);
			runOnlyForDeploymentPostprocessing = 0;
		};
		435CA68F2B944BDD008276B6 /* Resources */ = {
			isa = PBXResourcesBuildPhase;
			buildActionMask = 2147483647;
			files = (
			);
			runOnlyForDeploymentPostprocessing = 0;
		};
/* End PBXResourcesBuildPhase section */

/* Begin PBXShellScriptBuildPhase section */
		1C6DDED2A56425563215D0F3 /* [CP] Embed Pods Frameworks */ = {
			isa = PBXShellScriptBuildPhase;
			buildActionMask = 2147483647;
			files = (
			);
			inputFileListPaths = (
				"${PODS_ROOT}/Target Support Files/Pods-SwiftGathering_iOS/Pods-SwiftGathering_iOS-frameworks-${CONFIGURATION}-input-files.xcfilelist",
			);
			name = "[CP] Embed Pods Frameworks";
			outputFileListPaths = (
				"${PODS_ROOT}/Target Support Files/Pods-SwiftGathering_iOS/Pods-SwiftGathering_iOS-frameworks-${CONFIGURATION}-output-files.xcfilelist",
			);
			runOnlyForDeploymentPostprocessing = 0;
			shellPath = /bin/sh;
			shellScript = "\"${PODS_ROOT}/Target Support Files/Pods-SwiftGathering_iOS/Pods-SwiftGathering_iOS-frameworks.sh\"\n";
			showEnvVarsInLog = 0;
		};
		3EC79996EE2864BAA28303E7 /* [CP] Check Pods Manifest.lock */ = {
			isa = PBXShellScriptBuildPhase;
			buildActionMask = 2147483647;
			files = (
			);
			inputFileListPaths = (
			);
			inputPaths = (
				"${PODS_PODFILE_DIR_PATH}/Podfile.lock",
				"${PODS_ROOT}/Manifest.lock",
			);
			name = "[CP] Check Pods Manifest.lock";
			outputFileListPaths = (
			);
			outputPaths = (
				"$(DERIVED_FILE_DIR)/Pods-SwiftGathering_iOSTests-checkManifestLockResult.txt",
			);
			runOnlyForDeploymentPostprocessing = 0;
			shellPath = /bin/sh;
			shellScript = "diff \"${PODS_PODFILE_DIR_PATH}/Podfile.lock\" \"${PODS_ROOT}/Manifest.lock\" > /dev/null\nif [ $? != 0 ] ; then\n    # print error to STDERR\n    echo \"error: The sandbox is not in sync with the Podfile.lock. Run 'pod install' or update your CocoaPods installation.\" >&2\n    exit 1\nfi\n# This output is used by Xcode 'outputs' to avoid re-running this script phase.\necho \"SUCCESS\" > \"${SCRIPT_OUTPUT_FILE_0}\"\n";
			showEnvVarsInLog = 0;
		};
		A3E40D4543AD1C0446F50AA1 /* [CP] Embed Pods Frameworks */ = {
			isa = PBXShellScriptBuildPhase;
			buildActionMask = 2147483647;
			files = (
			);
			inputFileListPaths = (
				"${PODS_ROOT}/Target Support Files/Pods-SwiftGathering_iOS-SwiftGathering_iOSUITests/Pods-SwiftGathering_iOS-SwiftGathering_iOSUITests-frameworks-${CONFIGURATION}-input-files.xcfilelist",
			);
			name = "[CP] Embed Pods Frameworks";
			outputFileListPaths = (
				"${PODS_ROOT}/Target Support Files/Pods-SwiftGathering_iOS-SwiftGathering_iOSUITests/Pods-SwiftGathering_iOS-SwiftGathering_iOSUITests-frameworks-${CONFIGURATION}-output-files.xcfilelist",
			);
			runOnlyForDeploymentPostprocessing = 0;
			shellPath = /bin/sh;
			shellScript = "\"${PODS_ROOT}/Target Support Files/Pods-SwiftGathering_iOS-SwiftGathering_iOSUITests/Pods-SwiftGathering_iOS-SwiftGathering_iOSUITests-frameworks.sh\"\n";
			showEnvVarsInLog = 0;
		};
		B24E95FDD29D58BCF1DAD437 /* [CP] Check Pods Manifest.lock */ = {
			isa = PBXShellScriptBuildPhase;
			buildActionMask = 2147483647;
			files = (
			);
			inputFileListPaths = (
			);
			inputPaths = (
				"${PODS_PODFILE_DIR_PATH}/Podfile.lock",
				"${PODS_ROOT}/Manifest.lock",
			);
			name = "[CP] Check Pods Manifest.lock";
			outputFileListPaths = (
			);
			outputPaths = (
				"$(DERIVED_FILE_DIR)/Pods-SwiftGathering_iOS-checkManifestLockResult.txt",
			);
			runOnlyForDeploymentPostprocessing = 0;
			shellPath = /bin/sh;
			shellScript = "diff \"${PODS_PODFILE_DIR_PATH}/Podfile.lock\" \"${PODS_ROOT}/Manifest.lock\" > /dev/null\nif [ $? != 0 ] ; then\n    # print error to STDERR\n    echo \"error: The sandbox is not in sync with the Podfile.lock. Run 'pod install' or update your CocoaPods installation.\" >&2\n    exit 1\nfi\n# This output is used by Xcode 'outputs' to avoid re-running this script phase.\necho \"SUCCESS\" > \"${SCRIPT_OUTPUT_FILE_0}\"\n";
			showEnvVarsInLog = 0;
		};
		C011C28D43849EEA9FA4293B /* [CP] Check Pods Manifest.lock */ = {
			isa = PBXShellScriptBuildPhase;
			buildActionMask = 2147483647;
			files = (
			);
			inputFileListPaths = (
			);
			inputPaths = (
				"${PODS_PODFILE_DIR_PATH}/Podfile.lock",
				"${PODS_ROOT}/Manifest.lock",
			);
			name = "[CP] Check Pods Manifest.lock";
			outputFileListPaths = (
			);
			outputPaths = (
				"$(DERIVED_FILE_DIR)/Pods-SwiftGathering_iOS-SwiftGathering_iOSUITests-checkManifestLockResult.txt",
			);
			runOnlyForDeploymentPostprocessing = 0;
			shellPath = /bin/sh;
			shellScript = "diff \"${PODS_PODFILE_DIR_PATH}/Podfile.lock\" \"${PODS_ROOT}/Manifest.lock\" > /dev/null\nif [ $? != 0 ] ; then\n    # print error to STDERR\n    echo \"error: The sandbox is not in sync with the Podfile.lock. Run 'pod install' or update your CocoaPods installation.\" >&2\n    exit 1\nfi\n# This output is used by Xcode 'outputs' to avoid re-running this script phase.\necho \"SUCCESS\" > \"${SCRIPT_OUTPUT_FILE_0}\"\n";
			showEnvVarsInLog = 0;
		};
/* End PBXShellScriptBuildPhase section */

/* Begin PBXSourcesBuildPhase section */
		435CA66D2B944BDA008276B6 /* Sources */ = {
			isa = PBXSourcesBuildPhase;
			buildActionMask = 2147483647;
			files = (
				A28F846D2C1C50C800E1A177 /* RegisterRepositoryImpl.swift in Sources */,
				4376F4F12BE6222100049FE1 /* EmptyCoordinator.swift in Sources */,
				43D0E2B02BE7466200294A4A /* FriendRepository.swift in Sources */,
				43FFDD592BCBE08F002D19B2 /* LoginRepository.swift in Sources */,
				43FFDD6D2BCD759D002D19B2 /* ChildCoordinatorProtocol.swift in Sources */,
				43B2CEFA2BA69BCD00047065 /* LoginViewController.swift in Sources */,
				43FFDD742BCECC12002D19B2 /* SplashViewController.swift in Sources */,
				432C70752BD3E83600B4F4CE /* SplashViewModel.swift in Sources */,
				43B2CF1A2BA6BC1600047065 /* RegisterViewController.swift in Sources */,
				43B2CEF82B94BA0800047065 /* DrawingInfoDTO.swift in Sources */,
				439864792C26D95500EBAD6A /* MockLocationInput.swift in Sources */,
				432C70772BD3EEC000B4F4CE /* LoginInfo.swift in Sources */,
				439864742C26AB4E00EBAD6A /* MemberIdHolder.swift in Sources */,
				43D0E2BC2BE7B14A00294A4A /* MyInfo.swift in Sources */,
				A222BAE82C009031000A59FA /* ProfileViewController.swift in Sources */,
				43B2CF0E2BA6A9A500047065 /* LoginInput.swift in Sources */,
				4398647B2C26DFE900EBAD6A /* STOMPError.swift in Sources */,
				43B2CEF02B94828C00047065 /* DrawingMode.swift in Sources */,
				437FA54C2BDCEE0E00447EE8 /* MapViewModel.swift in Sources */,
				A28F84622C1C4EEA00E1A177 /* MapUseCaseImpl.swift in Sources */,
				43B2CF122BA6B79F00047065 /* EmptyOutput.swift in Sources */,
				43B2CEFF2BA69DDE00047065 /* UIViewExtensions.swift in Sources */,
				439864772C26CEDF00EBAD6A /* STOMPHandler.swift in Sources */,
				437FA54E2BDD40F000447EE8 /* FriendLocationOutput.swift in Sources */,
				437FA5562BDD458500447EE8 /* MapUseCase.swift in Sources */,
				43D0E2A72BE7354100294A4A /* FriendCoordinator.swift in Sources */,
				437FA5542BDD43B000447EE8 /* MapCoordinator.swift in Sources */,
				439864722C1F41A300EBAD6A /* TokenHolder.swift in Sources */,
				A231C0632BA401090059572D /* LocationHandler.swift in Sources */,
				43D3BD2C2BD4DB5C00224669 /* RegisterViewModel.swift in Sources */,
				A231C05F2BA3FD290059572D /* MapViewController.swift in Sources */,
				43B2CEEE2B94825B00047065 /* CanvasView.swift in Sources */,
				43B2CF092BA69FEC00047065 /* HTTPPath.swift in Sources */,
				A28F845E2C1C4E0B00E1A177 /* RegisterUseCaseImpl.swift in Sources */,
				43D0E2B72BE74BDC00294A4A /* FriendTableViewCell.swift in Sources */,
				43B2CEF52B94848900047065 /* DrawingViewController.swift in Sources */,
				43D3BD262BD4DA7000224669 /* RegisterCoordinator.swift in Sources */,
				43FFDD692BCD7489002D19B2 /* CoordinatorProtocol.swift in Sources */,
				439BB3302BB5B35F006F34A5 /* LoginViewModel.swift in Sources */,
				432C70802BD41BB400B4F4CE /* LoginCoordinator.swift in Sources */,
				43B2CF162BA6B9A900047065 /* AlertBuilder.swift in Sources */,
				437FA5582BDD459A00447EE8 /* MapRepository.swift in Sources */,
				A28F845C2C1C4DCB00E1A177 /* LoginUseCaseImpl.swift in Sources */,
				43B2CF102BA6AAF300047065 /* ResultExtensions.swift in Sources */,
				43FFDD6B2BCD74FD002D19B2 /* ParentCoordinatorProtocol.swift in Sources */,
				43B2CF1D2BA6BDD200047065 /* RegisterInput.swift in Sources */,
				A28F846B2C1C504000E1A177 /* LoginRepositoryImpl.swift in Sources */,
				43D3BD282BD4DB3D00224669 /* RegisterUseCase.swift in Sources */,
				43D3BD2E2BD4DBCB00224669 /* RegisterInfo.swift in Sources */,
				A28F846F2C1C514A00E1A177 /* FriendRepositoryImpl.swift in Sources */,
				A222BAEA2C009165000A59FA /* ProfileCoordinator.swift in Sources */,
				43B2CEF22B94829E00047065 /* DrawingPathInfo.swift in Sources */,
				A28F84732C1C535800E1A177 /* HTTPConstant.swift in Sources */,
				43FFDD6F2BCD770A002D19B2 /* RootCoordinator.swift in Sources */,
				435CA6752B944BDA008276B6 /* AppDelegate.swift in Sources */,
				43B2CF072BA69FD400047065 /* HTTPMethod.swift in Sources */,
				A28F84602C1C4EA400E1A177 /* FriendUseCaseImpl.swift in Sources */,
				43B2CF032BA69F7A00047065 /* HTTPHandler.swift in Sources */,
				43D0E2AE2BE7431900294A4A /* FriendViewModel.swift in Sources */,
				432C707C2BD3F8DF00B4F4CE /* UserDefaultsError.swift in Sources */,
				43D0E2BA2BE79FD700294A4A /* FriendsOutput.swift in Sources */,
				43B2CF052BA69FB600047065 /* HTTPError.swift in Sources */,
				43D0E2B22BE7468E00294A4A /* FriendUseCase.swift in Sources */,
				4376F4EC2BE61CDD00049FE1 /* TabBarCoordinator.swift in Sources */,
				43D3BD2A2BD4DB4900224669 /* RegisterRepository.swift in Sources */,
				435CA6772B944BDA008276B6 /* SceneDelegate.swift in Sources */,
				43D0E2AC2BE7430800294A4A /* FriendViewController.swift in Sources */,
				437A46BB2BE93BA100CDB3C9 /* LoginOutput.swift in Sources */,
				439BB3372BB5B4EC006F34A5 /* LoginUseCase.swift in Sources */,
				4376F4F32BE63ACC00049FE1 /* TabbarItemType.swift in Sources */,
				437FA5522BDD432A00447EE8 /* FriendInfo.swift in Sources */,
				A28F84712C1C51B800E1A177 /* MapRepositoryImpl.swift in Sources */,
			);
			runOnlyForDeploymentPostprocessing = 0;
		};
		435CA6832B944BDD008276B6 /* Sources */ = {
			isa = PBXSourcesBuildPhase;
			buildActionMask = 2147483647;
			files = (
				435CA68C2B944BDD008276B6 /* SwiftGathering_iOSTests.swift in Sources */,
			);
			runOnlyForDeploymentPostprocessing = 0;
		};
		435CA68D2B944BDD008276B6 /* Sources */ = {
			isa = PBXSourcesBuildPhase;
			buildActionMask = 2147483647;
			files = (
				435CA6982B944BDD008276B6 /* SwiftGathering_iOSUITestsLaunchTests.swift in Sources */,
				435CA6962B944BDD008276B6 /* SwiftGathering_iOSUITests.swift in Sources */,
			);
			runOnlyForDeploymentPostprocessing = 0;
		};
/* End PBXSourcesBuildPhase section */

/* Begin PBXTargetDependency section */
		435CA6892B944BDD008276B6 /* PBXTargetDependency */ = {
			isa = PBXTargetDependency;
			target = 435CA6702B944BDA008276B6 /* SwiftGathering_iOS */;
			targetProxy = 435CA6882B944BDD008276B6 /* PBXContainerItemProxy */;
		};
		435CA6932B944BDD008276B6 /* PBXTargetDependency */ = {
			isa = PBXTargetDependency;
			target = 435CA6702B944BDA008276B6 /* SwiftGathering_iOS */;
			targetProxy = 435CA6922B944BDD008276B6 /* PBXContainerItemProxy */;
		};
/* End PBXTargetDependency section */

/* Begin PBXVariantGroup section */
		435CA67F2B944BDC008276B6 /* LaunchScreen.storyboard */ = {
			isa = PBXVariantGroup;
			children = (
				435CA6802B944BDC008276B6 /* Base */,
			);
			name = LaunchScreen.storyboard;
			sourceTree = "<group>";
		};
/* End PBXVariantGroup section */

/* Begin XCBuildConfiguration section */
		435CA6992B944BDD008276B6 /* Debug */ = {
			isa = XCBuildConfiguration;
			buildSettings = {
				ALWAYS_SEARCH_USER_PATHS = NO;
				ASSETCATALOG_COMPILER_GENERATE_SWIFT_ASSET_SYMBOL_EXTENSIONS = YES;
				CLANG_ANALYZER_NONNULL = YES;
				CLANG_ANALYZER_NUMBER_OBJECT_CONVERSION = YES_AGGRESSIVE;
				CLANG_CXX_LANGUAGE_STANDARD = "gnu++20";
				CLANG_ENABLE_MODULES = YES;
				CLANG_ENABLE_OBJC_ARC = YES;
				CLANG_ENABLE_OBJC_WEAK = YES;
				CLANG_WARN_BLOCK_CAPTURE_AUTORELEASING = YES;
				CLANG_WARN_BOOL_CONVERSION = YES;
				CLANG_WARN_COMMA = YES;
				CLANG_WARN_CONSTANT_CONVERSION = YES;
				CLANG_WARN_DEPRECATED_OBJC_IMPLEMENTATIONS = YES;
				CLANG_WARN_DIRECT_OBJC_ISA_USAGE = YES_ERROR;
				CLANG_WARN_DOCUMENTATION_COMMENTS = YES;
				CLANG_WARN_EMPTY_BODY = YES;
				CLANG_WARN_ENUM_CONVERSION = YES;
				CLANG_WARN_INFINITE_RECURSION = YES;
				CLANG_WARN_INT_CONVERSION = YES;
				CLANG_WARN_NON_LITERAL_NULL_CONVERSION = YES;
				CLANG_WARN_OBJC_IMPLICIT_RETAIN_SELF = YES;
				CLANG_WARN_OBJC_LITERAL_CONVERSION = YES;
				CLANG_WARN_OBJC_ROOT_CLASS = YES_ERROR;
				CLANG_WARN_QUOTED_INCLUDE_IN_FRAMEWORK_HEADER = YES;
				CLANG_WARN_RANGE_LOOP_ANALYSIS = YES;
				CLANG_WARN_STRICT_PROTOTYPES = YES;
				CLANG_WARN_SUSPICIOUS_MOVE = YES;
				CLANG_WARN_UNGUARDED_AVAILABILITY = YES_AGGRESSIVE;
				CLANG_WARN_UNREACHABLE_CODE = YES;
				CLANG_WARN__DUPLICATE_METHOD_MATCH = YES;
				COPY_PHASE_STRIP = NO;
				DEBUG_INFORMATION_FORMAT = dwarf;
				ENABLE_STRICT_OBJC_MSGSEND = YES;
				ENABLE_TESTABILITY = YES;
				ENABLE_USER_SCRIPT_SANDBOXING = NO;
				GCC_C_LANGUAGE_STANDARD = gnu17;
				GCC_DYNAMIC_NO_PIC = NO;
				GCC_NO_COMMON_BLOCKS = YES;
				GCC_OPTIMIZATION_LEVEL = 0;
				GCC_PREPROCESSOR_DEFINITIONS = (
					"DEBUG=1",
					"$(inherited)",
				);
				GCC_WARN_64_TO_32_BIT_CONVERSION = YES;
				GCC_WARN_ABOUT_RETURN_TYPE = YES_ERROR;
				GCC_WARN_UNDECLARED_SELECTOR = YES;
				GCC_WARN_UNINITIALIZED_AUTOS = YES_AGGRESSIVE;
				GCC_WARN_UNUSED_FUNCTION = YES;
				GCC_WARN_UNUSED_VARIABLE = YES;
				INFOPLIST_KEY_NSLocationAlwaysAndWhenInUseUsageDescription = "위치 접근을 위해 권한이 필요합니다.";
				INFOPLIST_KEY_NSLocationAlwaysUsageDescription = "위치 접근을 위해 권한이 필요합니다.";
				INFOPLIST_KEY_NSLocationTemporaryUsageDescriptionDictionary = "위치 접근을 위해 권한이 필요합니다.";
				INFOPLIST_KEY_NSLocationUsageDescription = "위치 접근을 위해 권한이 필요합니다.";
				INFOPLIST_KEY_NSLocationWhenInUseUsageDescription = "위치 접근을 위해 권한이 필요합니다.";
				IPHONEOS_DEPLOYMENT_TARGET = 13.0;
				LOCALIZATION_PREFERS_STRING_CATALOGS = YES;
				MTL_ENABLE_DEBUG_INFO = INCLUDE_SOURCE;
				MTL_FAST_MATH = YES;
				ONLY_ACTIVE_ARCH = YES;
				SDKROOT = iphoneos;
				SWIFT_ACTIVE_COMPILATION_CONDITIONS = "DEBUG $(inherited)";
				SWIFT_OPTIMIZATION_LEVEL = "-Onone";
			};
			name = Debug;
		};
		435CA69A2B944BDD008276B6 /* Release */ = {
			isa = XCBuildConfiguration;
			buildSettings = {
				ALWAYS_SEARCH_USER_PATHS = NO;
				ASSETCATALOG_COMPILER_GENERATE_SWIFT_ASSET_SYMBOL_EXTENSIONS = YES;
				CLANG_ANALYZER_NONNULL = YES;
				CLANG_ANALYZER_NUMBER_OBJECT_CONVERSION = YES_AGGRESSIVE;
				CLANG_CXX_LANGUAGE_STANDARD = "gnu++20";
				CLANG_ENABLE_MODULES = YES;
				CLANG_ENABLE_OBJC_ARC = YES;
				CLANG_ENABLE_OBJC_WEAK = YES;
				CLANG_WARN_BLOCK_CAPTURE_AUTORELEASING = YES;
				CLANG_WARN_BOOL_CONVERSION = YES;
				CLANG_WARN_COMMA = YES;
				CLANG_WARN_CONSTANT_CONVERSION = YES;
				CLANG_WARN_DEPRECATED_OBJC_IMPLEMENTATIONS = YES;
				CLANG_WARN_DIRECT_OBJC_ISA_USAGE = YES_ERROR;
				CLANG_WARN_DOCUMENTATION_COMMENTS = YES;
				CLANG_WARN_EMPTY_BODY = YES;
				CLANG_WARN_ENUM_CONVERSION = YES;
				CLANG_WARN_INFINITE_RECURSION = YES;
				CLANG_WARN_INT_CONVERSION = YES;
				CLANG_WARN_NON_LITERAL_NULL_CONVERSION = YES;
				CLANG_WARN_OBJC_IMPLICIT_RETAIN_SELF = YES;
				CLANG_WARN_OBJC_LITERAL_CONVERSION = YES;
				CLANG_WARN_OBJC_ROOT_CLASS = YES_ERROR;
				CLANG_WARN_QUOTED_INCLUDE_IN_FRAMEWORK_HEADER = YES;
				CLANG_WARN_RANGE_LOOP_ANALYSIS = YES;
				CLANG_WARN_STRICT_PROTOTYPES = YES;
				CLANG_WARN_SUSPICIOUS_MOVE = YES;
				CLANG_WARN_UNGUARDED_AVAILABILITY = YES_AGGRESSIVE;
				CLANG_WARN_UNREACHABLE_CODE = YES;
				CLANG_WARN__DUPLICATE_METHOD_MATCH = YES;
				COPY_PHASE_STRIP = NO;
				DEBUG_INFORMATION_FORMAT = "dwarf-with-dsym";
				ENABLE_NS_ASSERTIONS = NO;
				ENABLE_STRICT_OBJC_MSGSEND = YES;
				ENABLE_USER_SCRIPT_SANDBOXING = NO;
				GCC_C_LANGUAGE_STANDARD = gnu17;
				GCC_NO_COMMON_BLOCKS = YES;
				GCC_WARN_64_TO_32_BIT_CONVERSION = YES;
				GCC_WARN_ABOUT_RETURN_TYPE = YES_ERROR;
				GCC_WARN_UNDECLARED_SELECTOR = YES;
				GCC_WARN_UNINITIALIZED_AUTOS = YES_AGGRESSIVE;
				GCC_WARN_UNUSED_FUNCTION = YES;
				GCC_WARN_UNUSED_VARIABLE = YES;
				INFOPLIST_KEY_NSLocationAlwaysAndWhenInUseUsageDescription = "위치 접근을 위해 권한이 필요합니다.";
				INFOPLIST_KEY_NSLocationAlwaysUsageDescription = "위치 접근을 위해 권한이 필요합니다.";
				INFOPLIST_KEY_NSLocationTemporaryUsageDescriptionDictionary = "위치 접근을 위해 권한이 필요합니다.";
				INFOPLIST_KEY_NSLocationUsageDescription = "위치 접근을 위해 권한이 필요합니다.";
				INFOPLIST_KEY_NSLocationWhenInUseUsageDescription = "위치 접근을 위해 권한이 필요합니다.";
				IPHONEOS_DEPLOYMENT_TARGET = 13.0;
				LOCALIZATION_PREFERS_STRING_CATALOGS = YES;
				MTL_ENABLE_DEBUG_INFO = NO;
				MTL_FAST_MATH = YES;
				SDKROOT = iphoneos;
				SWIFT_COMPILATION_MODE = wholemodule;
				VALIDATE_PRODUCT = YES;
			};
			name = Release;
		};
		435CA69C2B944BDD008276B6 /* Debug */ = {
			isa = XCBuildConfiguration;
			baseConfigurationReference = 4BB0989FB72E9ADDDA0F8670 /* Pods-SwiftGathering_iOS.debug.xcconfig */;
			buildSettings = {
				ASSETCATALOG_COMPILER_APPICON_NAME = AppIcon;
				ASSETCATALOG_COMPILER_GLOBAL_ACCENT_COLOR_NAME = AccentColor;
				CODE_SIGN_STYLE = Automatic;
				CURRENT_PROJECT_VERSION = 1;
				DEVELOPMENT_TEAM = 3U2JR7F29N;
				GENERATE_INFOPLIST_FILE = YES;
				INFOPLIST_FILE = SwiftGathering_iOS/Core/Info.plist;
				INFOPLIST_KEY_NSLocationAlwaysAndWhenInUseUsageDescription = "위치 접근을 위해 권한이 필요합니다.";
				INFOPLIST_KEY_NSLocationAlwaysUsageDescription = "위치 접근을 위해 권한이 필요합니다.";
				INFOPLIST_KEY_NSLocationTemporaryUsageDescriptionDictionary = "위치 접근을 위해 권한이 필요합니다.";
				INFOPLIST_KEY_NSLocationUsageDescription = "위치 접근을 위해 권한이 필요합니다.";
				INFOPLIST_KEY_NSLocationWhenInUseUsageDescription = "위치 접근을 위해 권한이 필요합니다.";
				INFOPLIST_KEY_UIApplicationSupportsIndirectInputEvents = YES;
				INFOPLIST_KEY_UILaunchStoryboardName = LaunchScreen;
				INFOPLIST_KEY_UISupportedInterfaceOrientations = "UIInterfaceOrientationLandscapeLeft UIInterfaceOrientationLandscapeRight UIInterfaceOrientationPortrait";
				INFOPLIST_KEY_UISupportedInterfaceOrientations_iPad = "UIInterfaceOrientationLandscapeLeft UIInterfaceOrientationLandscapeRight UIInterfaceOrientationPortrait UIInterfaceOrientationPortraitUpsideDown";
				IPHONEOS_DEPLOYMENT_TARGET = 13.0;
				LD_RUNPATH_SEARCH_PATHS = (
					"$(inherited)",
					"@executable_path/Frameworks",
				);
				MARKETING_VERSION = 1.0;
				PRODUCT_BUNDLE_IDENTIFIER = "com.jun.SwiftGathering-iOS";
				PRODUCT_NAME = "Swift Gathering";
				SUPPORTED_PLATFORMS = "iphoneos iphonesimulator";
				SUPPORTS_MACCATALYST = NO;
				SUPPORTS_MAC_DESIGNED_FOR_IPHONE_IPAD = NO;
				SUPPORTS_XR_DESIGNED_FOR_IPHONE_IPAD = NO;
				SWIFT_EMIT_LOC_STRINGS = YES;
				SWIFT_VERSION = 5.0;
				TARGETED_DEVICE_FAMILY = 1;
			};
			name = Debug;
		};
		435CA69D2B944BDD008276B6 /* Release */ = {
			isa = XCBuildConfiguration;
			baseConfigurationReference = 8808686A64F214766D867FE8 /* Pods-SwiftGathering_iOS.release.xcconfig */;
			buildSettings = {
				ASSETCATALOG_COMPILER_APPICON_NAME = AppIcon;
				ASSETCATALOG_COMPILER_GLOBAL_ACCENT_COLOR_NAME = AccentColor;
				CODE_SIGN_STYLE = Automatic;
				CURRENT_PROJECT_VERSION = 1;
				DEVELOPMENT_TEAM = 3U2JR7F29N;
				GENERATE_INFOPLIST_FILE = YES;
				INFOPLIST_FILE = SwiftGathering_iOS/Core/Info.plist;
				INFOPLIST_KEY_NSLocationAlwaysAndWhenInUseUsageDescription = "위치 접근을 위해 권한이 필요합니다.";
				INFOPLIST_KEY_NSLocationAlwaysUsageDescription = "위치 접근을 위해 권한이 필요합니다.";
				INFOPLIST_KEY_NSLocationTemporaryUsageDescriptionDictionary = "위치 접근을 위해 권한이 필요합니다.";
				INFOPLIST_KEY_NSLocationUsageDescription = "위치 접근을 위해 권한이 필요합니다.";
				INFOPLIST_KEY_NSLocationWhenInUseUsageDescription = "위치 접근을 위해 권한이 필요합니다.";
				INFOPLIST_KEY_UIApplicationSupportsIndirectInputEvents = YES;
				INFOPLIST_KEY_UILaunchStoryboardName = LaunchScreen;
				INFOPLIST_KEY_UISupportedInterfaceOrientations = "UIInterfaceOrientationLandscapeLeft UIInterfaceOrientationLandscapeRight UIInterfaceOrientationPortrait";
				INFOPLIST_KEY_UISupportedInterfaceOrientations_iPad = "UIInterfaceOrientationLandscapeLeft UIInterfaceOrientationLandscapeRight UIInterfaceOrientationPortrait UIInterfaceOrientationPortraitUpsideDown";
				IPHONEOS_DEPLOYMENT_TARGET = 13.0;
				LD_RUNPATH_SEARCH_PATHS = (
					"$(inherited)",
					"@executable_path/Frameworks",
				);
				MARKETING_VERSION = 1.0;
				PRODUCT_BUNDLE_IDENTIFIER = "com.jun.SwiftGathering-iOS";
				PRODUCT_NAME = "Swift Gathering";
				SUPPORTED_PLATFORMS = "iphoneos iphonesimulator";
				SUPPORTS_MACCATALYST = NO;
				SUPPORTS_MAC_DESIGNED_FOR_IPHONE_IPAD = NO;
				SUPPORTS_XR_DESIGNED_FOR_IPHONE_IPAD = NO;
				SWIFT_EMIT_LOC_STRINGS = YES;
				SWIFT_VERSION = 5.0;
				TARGETED_DEVICE_FAMILY = 1;
			};
			name = Release;
		};
		435CA69F2B944BDD008276B6 /* Debug */ = {
			isa = XCBuildConfiguration;
			baseConfigurationReference = 83C2B7468182D1A7E4D00A68 /* Pods-SwiftGathering_iOSTests.debug.xcconfig */;
			buildSettings = {
				ALWAYS_EMBED_SWIFT_STANDARD_LIBRARIES = YES;
				BUNDLE_LOADER = "$(TEST_HOST)";
				CODE_SIGN_STYLE = Automatic;
				CURRENT_PROJECT_VERSION = 1;
				DEVELOPMENT_TEAM = 3U2JR7F29N;
				GENERATE_INFOPLIST_FILE = YES;
				IPHONEOS_DEPLOYMENT_TARGET = 13.0;
				MARKETING_VERSION = 1.0;
				PRODUCT_BUNDLE_IDENTIFIER = "com.jun.SwiftGathering-iOSTests";
				PRODUCT_NAME = "$(TARGET_NAME)";
				SUPPORTED_PLATFORMS = "iphoneos iphonesimulator";
				SUPPORTS_MACCATALYST = NO;
				SUPPORTS_MAC_DESIGNED_FOR_IPHONE_IPAD = NO;
				SUPPORTS_XR_DESIGNED_FOR_IPHONE_IPAD = NO;
				SWIFT_EMIT_LOC_STRINGS = NO;
				SWIFT_VERSION = 5.0;
				TARGETED_DEVICE_FAMILY = 1;
				TEST_HOST = "$(BUILT_PRODUCTS_DIR)/SwiftGathering_iOS.app/$(BUNDLE_EXECUTABLE_FOLDER_PATH)/SwiftGathering_iOS";
			};
			name = Debug;
		};
		435CA6A02B944BDD008276B6 /* Release */ = {
			isa = XCBuildConfiguration;
			baseConfigurationReference = 4FDF325A645607F5CADF3484 /* Pods-SwiftGathering_iOSTests.release.xcconfig */;
			buildSettings = {
				ALWAYS_EMBED_SWIFT_STANDARD_LIBRARIES = YES;
				BUNDLE_LOADER = "$(TEST_HOST)";
				CODE_SIGN_STYLE = Automatic;
				CURRENT_PROJECT_VERSION = 1;
				DEVELOPMENT_TEAM = 3U2JR7F29N;
				GENERATE_INFOPLIST_FILE = YES;
				IPHONEOS_DEPLOYMENT_TARGET = 13.0;
				MARKETING_VERSION = 1.0;
				PRODUCT_BUNDLE_IDENTIFIER = "com.jun.SwiftGathering-iOSTests";
				PRODUCT_NAME = "$(TARGET_NAME)";
				SUPPORTED_PLATFORMS = "iphoneos iphonesimulator";
				SUPPORTS_MACCATALYST = NO;
				SUPPORTS_MAC_DESIGNED_FOR_IPHONE_IPAD = NO;
				SUPPORTS_XR_DESIGNED_FOR_IPHONE_IPAD = NO;
				SWIFT_EMIT_LOC_STRINGS = NO;
				SWIFT_VERSION = 5.0;
				TARGETED_DEVICE_FAMILY = 1;
				TEST_HOST = "$(BUILT_PRODUCTS_DIR)/SwiftGathering_iOS.app/$(BUNDLE_EXECUTABLE_FOLDER_PATH)/SwiftGathering_iOS";
			};
			name = Release;
		};
		435CA6A22B944BDD008276B6 /* Debug */ = {
			isa = XCBuildConfiguration;
			baseConfigurationReference = 0E7382CA5E19CC245F59733B /* Pods-SwiftGathering_iOS-SwiftGathering_iOSUITests.debug.xcconfig */;
			buildSettings = {
				ALWAYS_EMBED_SWIFT_STANDARD_LIBRARIES = YES;
				CODE_SIGN_STYLE = Automatic;
				CURRENT_PROJECT_VERSION = 1;
				DEVELOPMENT_TEAM = 3U2JR7F29N;
				GENERATE_INFOPLIST_FILE = YES;
				INFOPLIST_KEY_NSLocationAlwaysAndWhenInUseUsageDescription = "위치 접근을 위해 권한이 필요합니다.";
				INFOPLIST_KEY_NSLocationAlwaysUsageDescription = "위치 접근을 위해 권한이 필요합니다.";
				INFOPLIST_KEY_NSLocationTemporaryUsageDescriptionDictionary = "위치 접근을 위해 권한이 필요합니다.";
				INFOPLIST_KEY_NSLocationUsageDescription = "위치 접근을 위해 권한이 필요합니다.";
				INFOPLIST_KEY_NSLocationWhenInUseUsageDescription = "위치 접근을 위해 권한이 필요합니다.";
				MARKETING_VERSION = 1.0;
				PRODUCT_BUNDLE_IDENTIFIER = "com.jun.SwiftGathering-iOSUITests";
				PRODUCT_NAME = "$(TARGET_NAME)";
				SUPPORTED_PLATFORMS = "iphoneos iphonesimulator";
				SUPPORTS_MACCATALYST = NO;
				SUPPORTS_MAC_DESIGNED_FOR_IPHONE_IPAD = NO;
				SUPPORTS_XR_DESIGNED_FOR_IPHONE_IPAD = NO;
				SWIFT_EMIT_LOC_STRINGS = NO;
				SWIFT_VERSION = 5.0;
				TARGETED_DEVICE_FAMILY = 1;
				TEST_TARGET_NAME = SwiftGathering_iOS;
			};
			name = Debug;
		};
		435CA6A32B944BDD008276B6 /* Release */ = {
			isa = XCBuildConfiguration;
			baseConfigurationReference = 4875C12A95DE8B46A24E1541 /* Pods-SwiftGathering_iOS-SwiftGathering_iOSUITests.release.xcconfig */;
			buildSettings = {
				ALWAYS_EMBED_SWIFT_STANDARD_LIBRARIES = YES;
				CODE_SIGN_STYLE = Automatic;
				CURRENT_PROJECT_VERSION = 1;
				DEVELOPMENT_TEAM = 3U2JR7F29N;
				GENERATE_INFOPLIST_FILE = YES;
				INFOPLIST_KEY_NSLocationAlwaysAndWhenInUseUsageDescription = "위치 접근을 위해 권한이 필요합니다.";
				INFOPLIST_KEY_NSLocationAlwaysUsageDescription = "위치 접근을 위해 권한이 필요합니다.";
				INFOPLIST_KEY_NSLocationTemporaryUsageDescriptionDictionary = "위치 접근을 위해 권한이 필요합니다.";
				INFOPLIST_KEY_NSLocationUsageDescription = "위치 접근을 위해 권한이 필요합니다.";
				INFOPLIST_KEY_NSLocationWhenInUseUsageDescription = "위치 접근을 위해 권한이 필요합니다.";
				MARKETING_VERSION = 1.0;
				PRODUCT_BUNDLE_IDENTIFIER = "com.jun.SwiftGathering-iOSUITests";
				PRODUCT_NAME = "$(TARGET_NAME)";
				SUPPORTED_PLATFORMS = "iphoneos iphonesimulator";
				SUPPORTS_MACCATALYST = NO;
				SUPPORTS_MAC_DESIGNED_FOR_IPHONE_IPAD = NO;
				SUPPORTS_XR_DESIGNED_FOR_IPHONE_IPAD = NO;
				SWIFT_EMIT_LOC_STRINGS = NO;
				SWIFT_VERSION = 5.0;
				TARGETED_DEVICE_FAMILY = 1;
				TEST_TARGET_NAME = SwiftGathering_iOS;
			};
			name = Release;
		};
/* End XCBuildConfiguration section */

/* Begin XCConfigurationList section */
		435CA66C2B944BDA008276B6 /* Build configuration list for PBXProject "SwiftGathering_iOS" */ = {
			isa = XCConfigurationList;
			buildConfigurations = (
				435CA6992B944BDD008276B6 /* Debug */,
				435CA69A2B944BDD008276B6 /* Release */,
			);
			defaultConfigurationIsVisible = 0;
			defaultConfigurationName = Release;
		};
		435CA69B2B944BDD008276B6 /* Build configuration list for PBXNativeTarget "SwiftGathering_iOS" */ = {
			isa = XCConfigurationList;
			buildConfigurations = (
				435CA69C2B944BDD008276B6 /* Debug */,
				435CA69D2B944BDD008276B6 /* Release */,
			);
			defaultConfigurationIsVisible = 0;
			defaultConfigurationName = Release;
		};
		435CA69E2B944BDD008276B6 /* Build configuration list for PBXNativeTarget "SwiftGathering_iOSTests" */ = {
			isa = XCConfigurationList;
			buildConfigurations = (
				435CA69F2B944BDD008276B6 /* Debug */,
				435CA6A02B944BDD008276B6 /* Release */,
			);
			defaultConfigurationIsVisible = 0;
			defaultConfigurationName = Release;
		};
		435CA6A12B944BDD008276B6 /* Build configuration list for PBXNativeTarget "SwiftGathering_iOSUITests" */ = {
			isa = XCConfigurationList;
			buildConfigurations = (
				435CA6A22B944BDD008276B6 /* Debug */,
				435CA6A32B944BDD008276B6 /* Release */,
			);
			defaultConfigurationIsVisible = 0;
			defaultConfigurationName = Release;
		};
/* End XCConfigurationList section */

/* Begin XCRemoteSwiftPackageReference section */
		437FA5482BDCEDF000447EE8 /* XCRemoteSwiftPackageReference "RxSwift" */ = {
			isa = XCRemoteSwiftPackageReference;
			repositoryURL = "https://github.com/ReactiveX/RxSwift";
			requirement = {
				kind = upToNextMajorVersion;
				minimumVersion = 6.7.0;
			};
		};
/* End XCRemoteSwiftPackageReference section */

/* Begin XCSwiftPackageProductDependency section */
		437FA5492BDCEDF100447EE8 /* RxCocoa */ = {
			isa = XCSwiftPackageProductDependency;
			package = 437FA5482BDCEDF000447EE8 /* XCRemoteSwiftPackageReference "RxSwift" */;
			productName = RxCocoa;
		};
/* End XCSwiftPackageProductDependency section */
	};
	rootObject = 435CA6692B944BDA008276B6 /* Project object */;
}
